// !$*UTF8*$!
{
	archiveVersion = 1;
	classes = {
	};
	objectVersion = 50;
	objects = {

/* Begin PBXBuildFile section */
		830A24A821461B3400F44DF5 /* LoginResult.swift in Sources */ = {isa = PBXBuildFile; fileRef = 830A24A721461B3400F44DF5 /* LoginResult.swift */; };
		830A24AA21463AF500F44DF5 /* EBInfoResult.swift in Sources */ = {isa = PBXBuildFile; fileRef = 830A24A921463AF400F44DF5 /* EBInfoResult.swift */; };
		830A24AC21463B1500F44DF5 /* EBMovein.swift in Sources */ = {isa = PBXBuildFile; fileRef = 830A24AB21463B1500F44DF5 /* EBMovein.swift */; };
		830A24AE2146402A00F44DF5 /* EBResponsePlugin.swift in Sources */ = {isa = PBXBuildFile; fileRef = 830A24AD2146402A00F44DF5 /* EBResponsePlugin.swift */; };
		830A24B02146418E00F44DF5 /* EBServiceManager.swift in Sources */ = {isa = PBXBuildFile; fileRef = 830A24AF2146418E00F44DF5 /* EBServiceManager.swift */; };
		834BF4F4211AB93600C6C76E /* AllGood.swift in Sources */ = {isa = PBXBuildFile; fileRef = 834BF4F0211AB93600C6C76E /* AllGood.swift */; };
		834BF4F5211AB93600C6C76E /* GoodsResult.swift in Sources */ = {isa = PBXBuildFile; fileRef = 834BF4F1211AB93600C6C76E /* GoodsResult.swift */; };
		834BF4F6211AB93600C6C76E /* CartGood.swift in Sources */ = {isa = PBXBuildFile; fileRef = 834BF4F2211AB93600C6C76E /* CartGood.swift */; };
		834BF4F9211AB97D00C6C76E /* Category.swift in Sources */ = {isa = PBXBuildFile; fileRef = 834BF4F8211AB97C00C6C76E /* Category.swift */; };
		834BF4FD211ABD2700C6C76E /* EBGoodsTableViewCell.swift in Sources */ = {isa = PBXBuildFile; fileRef = 834BF4FB211ABD2700C6C76E /* EBGoodsTableViewCell.swift */; };
		834BF4FE211ABD2700C6C76E /* EBGoodsTableViewCell.xib in Resources */ = {isa = PBXBuildFile; fileRef = 834BF4FC211ABD2700C6C76E /* EBGoodsTableViewCell.xib */; };
		834BF501211AD2F700C6C76E /* EBCategoryTableViewCell.swift in Sources */ = {isa = PBXBuildFile; fileRef = 834BF4FF211AD2F700C6C76E /* EBCategoryTableViewCell.swift */; };
		834BF502211AD2F700C6C76E /* EBCategoryTableViewCell.xib in Resources */ = {isa = PBXBuildFile; fileRef = 834BF500211AD2F700C6C76E /* EBCategoryTableViewCell.xib */; };
		834BF507211BCF2A00C6C76E /* EBInfoExViewController.swift in Sources */ = {isa = PBXBuildFile; fileRef = 834BF505211BCF2A00C6C76E /* EBInfoExViewController.swift */; };
		834BF508211BCF2A00C6C76E /* EBInfoExViewController.xib in Resources */ = {isa = PBXBuildFile; fileRef = 834BF506211BCF2A00C6C76E /* EBInfoExViewController.xib */; };
		83600878211D8D3200C9F866 /* EBNoteTableViewCell.swift in Sources */ = {isa = PBXBuildFile; fileRef = 83600876211D8D3200C9F866 /* EBNoteTableViewCell.swift */; };
		83600879211D8D3200C9F866 /* EBNoteTableViewCell.xib in Resources */ = {isa = PBXBuildFile; fileRef = 83600877211D8D3200C9F866 /* EBNoteTableViewCell.xib */; };
		8360087C211D939800C9F866 /* EB3ColumnTableViewCell.swift in Sources */ = {isa = PBXBuildFile; fileRef = 8360087A211D939800C9F866 /* EB3ColumnTableViewCell.swift */; };
		8360087D211D939800C9F866 /* EB3ColumnTableViewCell.xib in Resources */ = {isa = PBXBuildFile; fileRef = 8360087B211D939800C9F866 /* EB3ColumnTableViewCell.xib */; };
		8360087F212119CC00C9F866 /* String+Size.swift in Sources */ = {isa = PBXBuildFile; fileRef = 8360087E212119CC00C9F866 /* String+Size.swift */; };
		8360088E21212ED000C9F866 /* EBOrderListTableViewCell.xib in Resources */ = {isa = PBXBuildFile; fileRef = 8360088A21212ED000C9F866 /* EBOrderListTableViewCell.xib */; };
		8360088F21212ED000C9F866 /* EBOrderListTableViewCell.swift in Sources */ = {isa = PBXBuildFile; fileRef = 8360088B21212ED000C9F866 /* EBOrderListTableViewCell.swift */; };
		8360089021212ED000C9F866 /* EBOrderListResult.swift in Sources */ = {isa = PBXBuildFile; fileRef = 8360088D21212ED000C9F866 /* EBOrderListResult.swift */; };
		83600893212276FA00C9F866 /* EBKanjiaViewController.swift in Sources */ = {isa = PBXBuildFile; fileRef = 83600891212276FA00C9F866 /* EBKanjiaViewController.swift */; };
		83600894212276FA00C9F866 /* EBKanjiaViewController.xib in Resources */ = {isa = PBXBuildFile; fileRef = 83600892212276FA00C9F866 /* EBKanjiaViewController.xib */; };
		8389AEED211066940066999D /* AppDelegate.swift in Sources */ = {isa = PBXBuildFile; fileRef = 8389AEEC211066940066999D /* AppDelegate.swift */; };
		8389AEF7211066950066999D /* LaunchScreen.storyboard in Resources */ = {isa = PBXBuildFile; fileRef = 8389AEF5211066950066999D /* LaunchScreen.storyboard */; };
		8389AF0021129A620066999D /* EBLoginViewController.swift in Sources */ = {isa = PBXBuildFile; fileRef = 8389AEFE21129A620066999D /* EBLoginViewController.swift */; };
		8389AF0121129A620066999D /* EBLoginViewController.xib in Resources */ = {isa = PBXBuildFile; fileRef = 8389AEFF21129A620066999D /* EBLoginViewController.xib */; };
		8389AF0721129AC20066999D /* EBInfoViewController.swift in Sources */ = {isa = PBXBuildFile; fileRef = 8389AF0521129AC20066999D /* EBInfoViewController.swift */; };
		8389AF0821129AC20066999D /* EBInfoViewController.xib in Resources */ = {isa = PBXBuildFile; fileRef = 8389AF0621129AC20066999D /* EBInfoViewController.xib */; };
		8389AF162112CBD10066999D /* EBServiceApi.swift in Sources */ = {isa = PBXBuildFile; fileRef = 8389AF152112CBD10066999D /* EBServiceApi.swift */; };
		8389AF1D2112D39D0066999D /* Result.framework in Frameworks */ = {isa = PBXBuildFile; fileRef = 8389AF1C2112D39D0066999D /* Result.framework */; };
		8389AF1F2112D3AB0066999D /* Result.framework in Embed Frameworks */ = {isa = PBXBuildFile; fileRef = 8389AF1C2112D39D0066999D /* Result.framework */; settings = {ATTRIBUTES = (CodeSignOnCopy, RemoveHeadersOnCopy, ); }; };
		8389AF252112E29F0066999D /* ObjectMapper.framework in Frameworks */ = {isa = PBXBuildFile; fileRef = 8389AF242112E29F0066999D /* ObjectMapper.framework */; };
		8389AF272112E2A90066999D /* ObjectMapper.framework in Embed Frameworks */ = {isa = PBXBuildFile; fileRef = 8389AF242112E29F0066999D /* ObjectMapper.framework */; settings = {ATTRIBUTES = (CodeSignOnCopy, RemoveHeadersOnCopy, ); }; };
		8389AF2A2112E3C40066999D /* EBResponse.swift in Sources */ = {isa = PBXBuildFile; fileRef = 8389AF292112E3C40066999D /* EBResponse.swift */; };
		8389AF2E2112EA810066999D /* PKHUD.framework in Embed Frameworks */ = {isa = PBXBuildFile; fileRef = 8389AF2B2112EA790066999D /* PKHUD.framework */; settings = {ATTRIBUTES = (CodeSignOnCopy, RemoveHeadersOnCopy, ); }; };
		8389AF342112F9190066999D /* EBInputTableViewCell.swift in Sources */ = {isa = PBXBuildFile; fileRef = 8389AF322112F9190066999D /* EBInputTableViewCell.swift */; };
		8389AF352112F9190066999D /* EBInputTableViewCell.xib in Resources */ = {isa = PBXBuildFile; fileRef = 8389AF332112F9190066999D /* EBInputTableViewCell.xib */; };
		8389AF382112FA270066999D /* UITableView+Reuse.swift in Sources */ = {isa = PBXBuildFile; fileRef = 8389AF372112FA270066999D /* UITableView+Reuse.swift */; };
		8389AF3B211304A90066999D /* EBSelectTableViewCell.swift in Sources */ = {isa = PBXBuildFile; fileRef = 8389AF39211304A90066999D /* EBSelectTableViewCell.swift */; };
		8389AF3C211304A90066999D /* EBSelectTableViewCell.xib in Resources */ = {isa = PBXBuildFile; fileRef = 8389AF3A211304A90066999D /* EBSelectTableViewCell.xib */; };
		8389AF3E211314A40066999D /* EBHeaderView.swift in Sources */ = {isa = PBXBuildFile; fileRef = 8389AF3D211314A40066999D /* EBHeaderView.swift */; };
		8389AF4021131AA30066999D /* SnapKit.framework in Frameworks */ = {isa = PBXBuildFile; fileRef = 8389AF3F21131AA20066999D /* SnapKit.framework */; };
		8389AF4221131AAB0066999D /* SnapKit.framework in Embed Frameworks */ = {isa = PBXBuildFile; fileRef = 8389AF3F21131AA20066999D /* SnapKit.framework */; settings = {ATTRIBUTES = (CodeSignOnCopy, RemoveHeadersOnCopy, ); }; };
		83BA49EC2117E8EA0085FB68 /* EBGoodsViewController.swift in Sources */ = {isa = PBXBuildFile; fileRef = 83BA49EA2117E8EA0085FB68 /* EBGoodsViewController.swift */; };
		83BA49ED2117E8EA0085FB68 /* EBGoodsViewController.xib in Resources */ = {isa = PBXBuildFile; fileRef = 83BA49EB2117E8EA0085FB68 /* EBGoodsViewController.xib */; };
		83CCDA6C211BD13D002E64C8 /* CartContact.swift in Sources */ = {isa = PBXBuildFile; fileRef = 83CCDA67211BD13C002E64C8 /* CartContact.swift */; };
		83CCDA6D211BD13D002E64C8 /* InfoExResult.swift in Sources */ = {isa = PBXBuildFile; fileRef = 83CCDA68211BD13C002E64C8 /* InfoExResult.swift */; };
		83CCDA6F211BD13D002E64C8 /* TimeSlot.swift in Sources */ = {isa = PBXBuildFile; fileRef = 83CCDA6A211BD13D002E64C8 /* TimeSlot.swift */; };
		83CCDA70211BD13D002E64C8 /* CartTime.swift in Sources */ = {isa = PBXBuildFile; fileRef = 83CCDA6B211BD13D002E64C8 /* CartTime.swift */; };
		83CCDA72211BED40002E64C8 /* EBDatePickerView.swift in Sources */ = {isa = PBXBuildFile; fileRef = 83CCDA71211BED40002E64C8 /* EBDatePickerView.swift */; };
		83CCDA74211C0FCD002E64C8 /* Date+extension.swift in Sources */ = {isa = PBXBuildFile; fileRef = 83CCDA73211C0FCD002E64C8 /* Date+extension.swift */; };
		83CCDA78211C1D34002E64C8 /* EBMarkTableViewCell.swift in Sources */ = {isa = PBXBuildFile; fileRef = 83CCDA76211C1D34002E64C8 /* EBMarkTableViewCell.swift */; };
		83CCDA79211C1D34002E64C8 /* EBMarkTableViewCell.xib in Resources */ = {isa = PBXBuildFile; fileRef = 83CCDA77211C1D34002E64C8 /* EBMarkTableViewCell.xib */; };
		83CCDA7E211C2E8B002E64C8 /* EBVehicleViewController.swift in Sources */ = {isa = PBXBuildFile; fileRef = 83CCDA7C211C2E8B002E64C8 /* EBVehicleViewController.swift */; };
		83CCDA7F211C2E8B002E64C8 /* EBVehicleViewController.xib in Resources */ = {isa = PBXBuildFile; fileRef = 83CCDA7D211C2E8B002E64C8 /* EBVehicleViewController.xib */; };
		83CCDA83211C2F3A002E64C8 /* UsableFleet.swift in Sources */ = {isa = PBXBuildFile; fileRef = 83CCDA81211C2F3A002E64C8 /* UsableFleet.swift */; };
		83CCDA84211C2F3A002E64C8 /* VehicleResult.swift in Sources */ = {isa = PBXBuildFile; fileRef = 83CCDA82211C2F3A002E64C8 /* VehicleResult.swift */; };
		83CCDA88211C31FC002E64C8 /* EBVehicleTableViewCell.swift in Sources */ = {isa = PBXBuildFile; fileRef = 83CCDA86211C31FC002E64C8 /* EBVehicleTableViewCell.swift */; };
		83CCDA89211C31FC002E64C8 /* EBVehicleTableViewCell.xib in Resources */ = {isa = PBXBuildFile; fileRef = 83CCDA87211C31FC002E64C8 /* EBVehicleTableViewCell.xib */; };
		83CCDA8C211C3703002E64C8 /* EBStarRateView.swift in Sources */ = {isa = PBXBuildFile; fileRef = 83CCDA8B211C3703002E64C8 /* EBStarRateView.swift */; };
		83CCDA91211D377D002E64C8 /* EBOrderViewController.swift in Sources */ = {isa = PBXBuildFile; fileRef = 83CCDA8F211D377D002E64C8 /* EBOrderViewController.swift */; };
		83CCDA92211D377D002E64C8 /* EBOrderViewController.xib in Resources */ = {isa = PBXBuildFile; fileRef = 83CCDA90211D377D002E64C8 /* EBOrderViewController.xib */; };
		83CCDA97211D378F002E64C8 /* TotalInfo.swift in Sources */ = {isa = PBXBuildFile; fileRef = 83CCDA94211D378E002E64C8 /* TotalInfo.swift */; };
		83CCDA99211D378F002E64C8 /* OrderResult.swift in Sources */ = {isa = PBXBuildFile; fileRef = 83CCDA96211D378E002E64C8 /* OrderResult.swift */; };
		83CCDA9B211D37C9002E64C8 /* BaseInfo.swift in Sources */ = {isa = PBXBuildFile; fileRef = 83CCDA9A211D37C9002E64C8 /* BaseInfo.swift */; };
		83CCDA9F211D416B002E64C8 /* EB2ColumnTableViewCell.swift in Sources */ = {isa = PBXBuildFile; fileRef = 83CCDA9D211D416B002E64C8 /* EB2ColumnTableViewCell.swift */; };
		83CCDAA0211D416B002E64C8 /* EB2ColumnTableViewCell.xib in Resources */ = {isa = PBXBuildFile; fileRef = 83CCDA9E211D416B002E64C8 /* EB2ColumnTableViewCell.xib */; };
		84932C9221160CE200431C57 /* EBContentView.swift in Sources */ = {isa = PBXBuildFile; fileRef = 84932C8F21160CE100431C57 /* EBContentView.swift */; };
		84932C9321160CE200431C57 /* EBMaskView.swift in Sources */ = {isa = PBXBuildFile; fileRef = 84932C9021160CE100431C57 /* EBMaskView.swift */; };
		84932C9421160CE200431C57 /* EBItemPickerView.swift in Sources */ = {isa = PBXBuildFile; fileRef = 84932C9121160CE100431C57 /* EBItemPickerView.swift */; };
		84BE8E6E2116A05B00AE755E /* EBConfig.swift in Sources */ = {isa = PBXBuildFile; fileRef = 84BE8E6D2116A05B00AE755E /* EBConfig.swift */; };
		84BE8E712116B2B000AE755E /* Moya.framework in Frameworks */ = {isa = PBXBuildFile; fileRef = 84BE8E6F2116B2AF00AE755E /* Moya.framework */; };
		84BE8E742116B2BB00AE755E /* Alamofire.framework in Embed Frameworks */ = {isa = PBXBuildFile; fileRef = 84BE8E702116B2B000AE755E /* Alamofire.framework */; settings = {ATTRIBUTES = (CodeSignOnCopy, RemoveHeadersOnCopy, ); }; };
		84BE8E762116B2BB00AE755E /* Moya.framework in Embed Frameworks */ = {isa = PBXBuildFile; fileRef = 84BE8E6F2116B2AF00AE755E /* Moya.framework */; settings = {ATTRIBUTES = (CodeSignOnCopy, RemoveHeadersOnCopy, ); }; };
		84BE8E772116B2EC00AE755E /* Alamofire.framework in Frameworks */ = {isa = PBXBuildFile; fileRef = 84BE8E702116B2B000AE755E /* Alamofire.framework */; };
		84BE8E8D2116B99B00AE755E /* libsqlite3.0.tbd in Frameworks */ = {isa = PBXBuildFile; fileRef = 84BE8E8C2116B99B00AE755E /* libsqlite3.0.tbd */; };
		84BE8EAD2116CE8100AE755E /* CoreLocation.framework in Frameworks */ = {isa = PBXBuildFile; fileRef = 84BE8E802116B96000AE755E /* CoreLocation.framework */; };
		84BE8EAE2116CE9400AE755E /* QuartzCore.framework in Frameworks */ = {isa = PBXBuildFile; fileRef = 84BE8E822116B96A00AE755E /* QuartzCore.framework */; };
		84BE8EAF2116CE9F00AE755E /* OpenGLES.framework in Frameworks */ = {isa = PBXBuildFile; fileRef = 84BE8E842116B97400AE755E /* OpenGLES.framework */; };
		84BE8EB02116CEAB00AE755E /* SystemConfiguration.framework in Frameworks */ = {isa = PBXBuildFile; fileRef = 84BE8E862116B97E00AE755E /* SystemConfiguration.framework */; };
		84BE8EB12116CEB500AE755E /* CoreGraphics.framework in Frameworks */ = {isa = PBXBuildFile; fileRef = 84BE8E882116B98600AE755E /* CoreGraphics.framework */; };
		84BE8EB22116CEBE00AE755E /* Security.framework in Frameworks */ = {isa = PBXBuildFile; fileRef = 84BE8E8A2116B99000AE755E /* Security.framework */; };
		84BE8EB32116CECD00AE755E /* CoreTelephony.framework in Frameworks */ = {isa = PBXBuildFile; fileRef = 84BE8E8E2116B9A300AE755E /* CoreTelephony.framework */; };
		84BE8EB92116CF3200AE755E /* EBSearchMapViewController.swift in Sources */ = {isa = PBXBuildFile; fileRef = 84BE8EB72116CF3200AE755E /* EBSearchMapViewController.swift */; };
		84BE8EBA2116CF3200AE755E /* EBSearchMapViewController.xib in Resources */ = {isa = PBXBuildFile; fileRef = 84BE8EB82116CF3200AE755E /* EBSearchMapViewController.xib */; };
		84BE8EC52117087D00AE755E /* MobileCoreServices.framework in Frameworks */ = {isa = PBXBuildFile; fileRef = 84BE8EA82116CC3800AE755E /* MobileCoreServices.framework */; };
		84BE8EC62117089A00AE755E /* BaiduMapAPI_Base.framework in Frameworks */ = {isa = PBXBuildFile; fileRef = 84BE8E782116B8E100AE755E /* BaiduMapAPI_Base.framework */; };
		84BE8EC72117089A00AE755E /* BaiduMapAPI_Search.framework in Frameworks */ = {isa = PBXBuildFile; fileRef = 84BE8E792116B8E100AE755E /* BaiduMapAPI_Search.framework */; };
		84BE8ECA21170A2D00AE755E /* EBDummy.mm in Sources */ = {isa = PBXBuildFile; fileRef = 84BE8EC921170A2D00AE755E /* EBDummy.mm */; };
		84BE8ECD2117438200AE755E /* EBMainViewController.swift in Sources */ = {isa = PBXBuildFile; fileRef = 84BE8ECC2117438200AE755E /* EBMainViewController.swift */; };
		84BE8ED1211751D900AE755E /* EBHomeViewController.swift in Sources */ = {isa = PBXBuildFile; fileRef = 84BE8ECF211751D900AE755E /* EBHomeViewController.swift */; };
		84BE8ED2211751D900AE755E /* EBHomeViewController.xib in Resources */ = {isa = PBXBuildFile; fileRef = 84BE8ED0211751D900AE755E /* EBHomeViewController.xib */; };
		84BE8ED62117521300AE755E /* EBOrderListViewController.swift in Sources */ = {isa = PBXBuildFile; fileRef = 84BE8ED42117521300AE755E /* EBOrderListViewController.swift */; };
		84BE8ED72117521300AE755E /* EBOrderListViewController.xib in Resources */ = {isa = PBXBuildFile; fileRef = 84BE8ED52117521300AE755E /* EBOrderListViewController.xib */; };
		84BE8ED92117592F00AE755E /* Assets.xcassets in Resources */ = {isa = PBXBuildFile; fileRef = 84BE8ED82117592F00AE755E /* Assets.xcassets */; };
		84D63CAD216302A100D12C78 /* libcrypto.a in Frameworks */ = {isa = PBXBuildFile; fileRef = 84D63CA5216302A000D12C78 /* libcrypto.a */; };
		84D63CAE216302A100D12C78 /* BaiduMapAPI_Base.framework in Frameworks */ = {isa = PBXBuildFile; fileRef = 84D63CA6216302A000D12C78 /* BaiduMapAPI_Base.framework */; };
		84D63CAF216302A100D12C78 /* libssl.a in Frameworks */ = {isa = PBXBuildFile; fileRef = 84D63CA7216302A000D12C78 /* libssl.a */; };
		84D63CB0216302A100D12C78 /* BaiduMapAPI_Search.framework in Frameworks */ = {isa = PBXBuildFile; fileRef = 84D63CA8216302A000D12C78 /* BaiduMapAPI_Search.framework */; };
		84D63CB1216302A100D12C78 /* KeychainSwift.swift in Sources */ = {isa = PBXBuildFile; fileRef = 84D63CAA216302A000D12C78 /* KeychainSwift.swift */; };
		84D63CB2216302A100D12C78 /* TegKeychainConstants.swift in Sources */ = {isa = PBXBuildFile; fileRef = 84D63CAB216302A000D12C78 /* TegKeychainConstants.swift */; };
		84D63CB3216302A100D12C78 /* KeychainSwiftAccessOptions.swift in Sources */ = {isa = PBXBuildFile; fileRef = 84D63CAC216302A000D12C78 /* KeychainSwiftAccessOptions.swift */; };
		84D63CCB2163046000D12C78 /* README.txt in Resources */ = {isa = PBXBuildFile; fileRef = 84D63CBC2163046000D12C78 /* README.txt */; };
		84D63CCC2163046000D12C78 /* libWeChatSDK.a in Frameworks */ = {isa = PBXBuildFile; fileRef = 84D63CBE2163046000D12C78 /* libWeChatSDK.a */; };
		84D63CCD2163046000D12C78 /* ShareSDKConnector.framework in Frameworks */ = {isa = PBXBuildFile; fileRef = 84D63CC02163046000D12C78 /* ShareSDKConnector.framework */; };
		84D63CCE2163046000D12C78 /* ShareSDK.bundle in Resources */ = {isa = PBXBuildFile; fileRef = 84D63CC12163046000D12C78 /* ShareSDK.bundle */; };
		84D63CCF2163046000D12C78 /* ShareSDKUI.bundle in Resources */ = {isa = PBXBuildFile; fileRef = 84D63CC32163046000D12C78 /* ShareSDKUI.bundle */; };
		84D63CD02163046000D12C78 /* ShareSDKExtension.framework in Frameworks */ = {isa = PBXBuildFile; fileRef = 84D63CC42163046000D12C78 /* ShareSDKExtension.framework */; };
		84D63CD12163046000D12C78 /* ShareSDKUI.framework in Frameworks */ = {isa = PBXBuildFile; fileRef = 84D63CC52163046000D12C78 /* ShareSDKUI.framework */; };
		84D63CD22163046000D12C78 /* WechatConnector.framework in Frameworks */ = {isa = PBXBuildFile; fileRef = 84D63CC72163046000D12C78 /* WechatConnector.framework */; };
		84D63CD32163046000D12C78 /* ShareSDK.framework in Frameworks */ = {isa = PBXBuildFile; fileRef = 84D63CC82163046000D12C78 /* ShareSDK.framework */; };
		84D63CD42163046000D12C78 /* MOBFoundation.framework in Frameworks */ = {isa = PBXBuildFile; fileRef = 84D63CCA2163046000D12C78 /* MOBFoundation.framework */; };
		84D63CD6216304BE00D12C78 /* libicucore.tbd in Frameworks */ = {isa = PBXBuildFile; fileRef = 84D63CD5216304BE00D12C78 /* libicucore.tbd */; };
		84D63CD8216304C900D12C78 /* libz.tbd in Frameworks */ = {isa = PBXBuildFile; fileRef = 84D63CD7216304C900D12C78 /* libz.tbd */; };
		84D63CDA216304D900D12C78 /* JavaScriptCore.framework in Frameworks */ = {isa = PBXBuildFile; fileRef = 84D63CD9216304D900D12C78 /* JavaScriptCore.framework */; };
		84D63CDC216304E300D12C78 /* libsqlite3.tbd in Frameworks */ = {isa = PBXBuildFile; fileRef = 84D63CDB216304E300D12C78 /* libsqlite3.tbd */; };
		84F40B1021631BDB00045061 /* libc++.tbd in Frameworks */ = {isa = PBXBuildFile; fileRef = 84F40B0F21631BDB00045061 /* libc++.tbd */; };
		84F40B122163213100045061 /* ShareUtil.swift in Sources */ = {isa = PBXBuildFile; fileRef = 84F40B112163213100045061 /* ShareUtil.swift */; };
		84F40B182163287C00045061 /* ViewPagerTabView.swift in Sources */ = {isa = PBXBuildFile; fileRef = 84F40B142163287C00045061 /* ViewPagerTabView.swift */; };
		84F40B192163287C00045061 /* ViewPagerTab.swift in Sources */ = {isa = PBXBuildFile; fileRef = 84F40B152163287C00045061 /* ViewPagerTab.swift */; };
		84F40B1A2163287C00045061 /* ViewPagerController.swift in Sources */ = {isa = PBXBuildFile; fileRef = 84F40B162163287C00045061 /* ViewPagerController.swift */; };
		84F40B1B2163287C00045061 /* ViewPagerOptions.swift in Sources */ = {isa = PBXBuildFile; fileRef = 84F40B172163287C00045061 /* ViewPagerOptions.swift */; };
		84F40B1E21632EFB00045061 /* CategoryViewController.swift in Sources */ = {isa = PBXBuildFile; fileRef = 84F40B1D21632EFB00045061 /* CategoryViewController.swift */; };
		84F40B22216335D400045061 /* EBCompanyViewController.swift in Sources */ = {isa = PBXBuildFile; fileRef = 84F40B20216335D400045061 /* EBCompanyViewController.swift */; };
		84F40B23216335D400045061 /* EBCompanyViewController.xib in Resources */ = {isa = PBXBuildFile; fileRef = 84F40B21216335D400045061 /* EBCompanyViewController.xib */; };
/* End PBXBuildFile section */

/* Begin PBXCopyFilesBuildPhase section */
		8389AF142112CB930066999D /* Embed Frameworks */ = {
			isa = PBXCopyFilesBuildPhase;
			buildActionMask = 2147483647;
			dstPath = "";
			dstSubfolderSpec = 10;
			files = (
				8389AF1F2112D3AB0066999D /* Result.framework in Embed Frameworks */,
				8389AF2E2112EA810066999D /* PKHUD.framework in Embed Frameworks */,
				8389AF4221131AAB0066999D /* SnapKit.framework in Embed Frameworks */,
				84BE8E742116B2BB00AE755E /* Alamofire.framework in Embed Frameworks */,
				84BE8E762116B2BB00AE755E /* Moya.framework in Embed Frameworks */,
				8389AF272112E2A90066999D /* ObjectMapper.framework in Embed Frameworks */,
			);
			name = "Embed Frameworks";
			runOnlyForDeploymentPostprocessing = 0;
		};
/* End PBXCopyFilesBuildPhase section */

/* Begin PBXFileReference section */
		830A24A721461B3400F44DF5 /* LoginResult.swift */ = {isa = PBXFileReference; fileEncoding = 4; lastKnownFileType = sourcecode.swift; path = LoginResult.swift; sourceTree = "<group>"; };
		830A24A921463AF400F44DF5 /* EBInfoResult.swift */ = {isa = PBXFileReference; fileEncoding = 4; lastKnownFileType = sourcecode.swift; path = EBInfoResult.swift; sourceTree = "<group>"; };
		830A24AB21463B1500F44DF5 /* EBMovein.swift */ = {isa = PBXFileReference; fileEncoding = 4; lastKnownFileType = sourcecode.swift; path = EBMovein.swift; sourceTree = "<group>"; };
		830A24AD2146402A00F44DF5 /* EBResponsePlugin.swift */ = {isa = PBXFileReference; lastKnownFileType = sourcecode.swift; path = EBResponsePlugin.swift; sourceTree = "<group>"; };
		830A24AF2146418E00F44DF5 /* EBServiceManager.swift */ = {isa = PBXFileReference; lastKnownFileType = sourcecode.swift; path = EBServiceManager.swift; sourceTree = "<group>"; };
		834BF4F0211AB93600C6C76E /* AllGood.swift */ = {isa = PBXFileReference; fileEncoding = 4; lastKnownFileType = sourcecode.swift; path = AllGood.swift; sourceTree = "<group>"; };
		834BF4F1211AB93600C6C76E /* GoodsResult.swift */ = {isa = PBXFileReference; fileEncoding = 4; lastKnownFileType = sourcecode.swift; path = GoodsResult.swift; sourceTree = "<group>"; };
		834BF4F2211AB93600C6C76E /* CartGood.swift */ = {isa = PBXFileReference; fileEncoding = 4; lastKnownFileType = sourcecode.swift; path = CartGood.swift; sourceTree = "<group>"; };
		834BF4F8211AB97C00C6C76E /* Category.swift */ = {isa = PBXFileReference; fileEncoding = 4; lastKnownFileType = sourcecode.swift; path = Category.swift; sourceTree = "<group>"; };
		834BF4FB211ABD2700C6C76E /* EBGoodsTableViewCell.swift */ = {isa = PBXFileReference; lastKnownFileType = sourcecode.swift; path = EBGoodsTableViewCell.swift; sourceTree = "<group>"; };
		834BF4FC211ABD2700C6C76E /* EBGoodsTableViewCell.xib */ = {isa = PBXFileReference; lastKnownFileType = file.xib; path = EBGoodsTableViewCell.xib; sourceTree = "<group>"; };
		834BF4FF211AD2F700C6C76E /* EBCategoryTableViewCell.swift */ = {isa = PBXFileReference; lastKnownFileType = sourcecode.swift; path = EBCategoryTableViewCell.swift; sourceTree = "<group>"; };
		834BF500211AD2F700C6C76E /* EBCategoryTableViewCell.xib */ = {isa = PBXFileReference; lastKnownFileType = file.xib; path = EBCategoryTableViewCell.xib; sourceTree = "<group>"; };
		834BF505211BCF2A00C6C76E /* EBInfoExViewController.swift */ = {isa = PBXFileReference; lastKnownFileType = sourcecode.swift; path = EBInfoExViewController.swift; sourceTree = "<group>"; };
		834BF506211BCF2A00C6C76E /* EBInfoExViewController.xib */ = {isa = PBXFileReference; lastKnownFileType = file.xib; path = EBInfoExViewController.xib; sourceTree = "<group>"; };
		83600876211D8D3200C9F866 /* EBNoteTableViewCell.swift */ = {isa = PBXFileReference; lastKnownFileType = sourcecode.swift; path = EBNoteTableViewCell.swift; sourceTree = "<group>"; };
		83600877211D8D3200C9F866 /* EBNoteTableViewCell.xib */ = {isa = PBXFileReference; lastKnownFileType = file.xib; path = EBNoteTableViewCell.xib; sourceTree = "<group>"; };
		8360087A211D939800C9F866 /* EB3ColumnTableViewCell.swift */ = {isa = PBXFileReference; lastKnownFileType = sourcecode.swift; path = EB3ColumnTableViewCell.swift; sourceTree = "<group>"; };
		8360087B211D939800C9F866 /* EB3ColumnTableViewCell.xib */ = {isa = PBXFileReference; lastKnownFileType = file.xib; path = EB3ColumnTableViewCell.xib; sourceTree = "<group>"; };
		8360087E212119CC00C9F866 /* String+Size.swift */ = {isa = PBXFileReference; fileEncoding = 4; lastKnownFileType = sourcecode.swift; path = "String+Size.swift"; sourceTree = "<group>"; };
		8360088A21212ED000C9F866 /* EBOrderListTableViewCell.xib */ = {isa = PBXFileReference; fileEncoding = 4; lastKnownFileType = file.xib; path = EBOrderListTableViewCell.xib; sourceTree = "<group>"; };
		8360088B21212ED000C9F866 /* EBOrderListTableViewCell.swift */ = {isa = PBXFileReference; fileEncoding = 4; lastKnownFileType = sourcecode.swift; path = EBOrderListTableViewCell.swift; sourceTree = "<group>"; };
		8360088D21212ED000C9F866 /* EBOrderListResult.swift */ = {isa = PBXFileReference; fileEncoding = 4; lastKnownFileType = sourcecode.swift; path = EBOrderListResult.swift; sourceTree = "<group>"; };
		83600891212276FA00C9F866 /* EBKanjiaViewController.swift */ = {isa = PBXFileReference; lastKnownFileType = sourcecode.swift; path = EBKanjiaViewController.swift; sourceTree = "<group>"; };
		83600892212276FA00C9F866 /* EBKanjiaViewController.xib */ = {isa = PBXFileReference; lastKnownFileType = file.xib; path = EBKanjiaViewController.xib; sourceTree = "<group>"; };
		8389AEE9211066940066999D /* ebanjia.app */ = {isa = PBXFileReference; explicitFileType = wrapper.application; includeInIndex = 0; path = ebanjia.app; sourceTree = BUILT_PRODUCTS_DIR; };
		8389AEEC211066940066999D /* AppDelegate.swift */ = {isa = PBXFileReference; lastKnownFileType = sourcecode.swift; path = AppDelegate.swift; sourceTree = "<group>"; };
		8389AEF6211066950066999D /* Base */ = {isa = PBXFileReference; lastKnownFileType = file.storyboard; name = Base; path = Base.lproj/LaunchScreen.storyboard; sourceTree = "<group>"; };
		8389AEF8211066950066999D /* Info.plist */ = {isa = PBXFileReference; lastKnownFileType = text.plist.xml; path = Info.plist; sourceTree = "<group>"; };
		8389AEFE21129A620066999D /* EBLoginViewController.swift */ = {isa = PBXFileReference; lastKnownFileType = sourcecode.swift; path = EBLoginViewController.swift; sourceTree = "<group>"; };
		8389AEFF21129A620066999D /* EBLoginViewController.xib */ = {isa = PBXFileReference; lastKnownFileType = file.xib; path = EBLoginViewController.xib; sourceTree = "<group>"; };
		8389AF0521129AC20066999D /* EBInfoViewController.swift */ = {isa = PBXFileReference; lastKnownFileType = sourcecode.swift; path = EBInfoViewController.swift; sourceTree = "<group>"; };
		8389AF0621129AC20066999D /* EBInfoViewController.xib */ = {isa = PBXFileReference; lastKnownFileType = file.xib; path = EBInfoViewController.xib; sourceTree = "<group>"; };
		8389AF152112CBD10066999D /* EBServiceApi.swift */ = {isa = PBXFileReference; lastKnownFileType = sourcecode.swift; path = EBServiceApi.swift; sourceTree = "<group>"; };
		8389AF1C2112D39D0066999D /* Result.framework */ = {isa = PBXFileReference; lastKnownFileType = wrapper.framework; name = Result.framework; path = Carthage/Build/iOS/Result.framework; sourceTree = "<group>"; };
		8389AF242112E29F0066999D /* ObjectMapper.framework */ = {isa = PBXFileReference; lastKnownFileType = wrapper.framework; name = ObjectMapper.framework; path = Carthage/Build/iOS/ObjectMapper.framework; sourceTree = "<group>"; };
		8389AF292112E3C40066999D /* EBResponse.swift */ = {isa = PBXFileReference; lastKnownFileType = sourcecode.swift; path = EBResponse.swift; sourceTree = "<group>"; };
		8389AF2B2112EA790066999D /* PKHUD.framework */ = {isa = PBXFileReference; lastKnownFileType = wrapper.framework; name = PKHUD.framework; path = Carthage/Build/iOS/PKHUD.framework; sourceTree = "<group>"; };
		8389AF322112F9190066999D /* EBInputTableViewCell.swift */ = {isa = PBXFileReference; lastKnownFileType = sourcecode.swift; path = EBInputTableViewCell.swift; sourceTree = "<group>"; };
		8389AF332112F9190066999D /* EBInputTableViewCell.xib */ = {isa = PBXFileReference; lastKnownFileType = file.xib; path = EBInputTableViewCell.xib; sourceTree = "<group>"; };
		8389AF372112FA270066999D /* UITableView+Reuse.swift */ = {isa = PBXFileReference; lastKnownFileType = sourcecode.swift; path = "UITableView+Reuse.swift"; sourceTree = "<group>"; };
		8389AF39211304A90066999D /* EBSelectTableViewCell.swift */ = {isa = PBXFileReference; lastKnownFileType = sourcecode.swift; path = EBSelectTableViewCell.swift; sourceTree = "<group>"; };
		8389AF3A211304A90066999D /* EBSelectTableViewCell.xib */ = {isa = PBXFileReference; lastKnownFileType = file.xib; path = EBSelectTableViewCell.xib; sourceTree = "<group>"; };
		8389AF3D211314A40066999D /* EBHeaderView.swift */ = {isa = PBXFileReference; lastKnownFileType = sourcecode.swift; path = EBHeaderView.swift; sourceTree = "<group>"; };
		8389AF3F21131AA20066999D /* SnapKit.framework */ = {isa = PBXFileReference; lastKnownFileType = wrapper.framework; name = SnapKit.framework; path = Carthage/Build/iOS/SnapKit.framework; sourceTree = "<group>"; };
		83BA49EA2117E8EA0085FB68 /* EBGoodsViewController.swift */ = {isa = PBXFileReference; lastKnownFileType = sourcecode.swift; path = EBGoodsViewController.swift; sourceTree = "<group>"; };
		83BA49EB2117E8EA0085FB68 /* EBGoodsViewController.xib */ = {isa = PBXFileReference; lastKnownFileType = file.xib; path = EBGoodsViewController.xib; sourceTree = "<group>"; };
		83CCDA67211BD13C002E64C8 /* CartContact.swift */ = {isa = PBXFileReference; fileEncoding = 4; lastKnownFileType = sourcecode.swift; path = CartContact.swift; sourceTree = "<group>"; };
		83CCDA68211BD13C002E64C8 /* InfoExResult.swift */ = {isa = PBXFileReference; fileEncoding = 4; lastKnownFileType = sourcecode.swift; path = InfoExResult.swift; sourceTree = "<group>"; };
		83CCDA6A211BD13D002E64C8 /* TimeSlot.swift */ = {isa = PBXFileReference; fileEncoding = 4; lastKnownFileType = sourcecode.swift; path = TimeSlot.swift; sourceTree = "<group>"; };
		83CCDA6B211BD13D002E64C8 /* CartTime.swift */ = {isa = PBXFileReference; fileEncoding = 4; lastKnownFileType = sourcecode.swift; path = CartTime.swift; sourceTree = "<group>"; };
		83CCDA71211BED40002E64C8 /* EBDatePickerView.swift */ = {isa = PBXFileReference; lastKnownFileType = sourcecode.swift; path = EBDatePickerView.swift; sourceTree = "<group>"; };
		83CCDA73211C0FCD002E64C8 /* Date+extension.swift */ = {isa = PBXFileReference; lastKnownFileType = sourcecode.swift; path = "Date+extension.swift"; sourceTree = "<group>"; };
		83CCDA76211C1D34002E64C8 /* EBMarkTableViewCell.swift */ = {isa = PBXFileReference; lastKnownFileType = sourcecode.swift; path = EBMarkTableViewCell.swift; sourceTree = "<group>"; };
		83CCDA77211C1D34002E64C8 /* EBMarkTableViewCell.xib */ = {isa = PBXFileReference; lastKnownFileType = file.xib; path = EBMarkTableViewCell.xib; sourceTree = "<group>"; };
		83CCDA7C211C2E8B002E64C8 /* EBVehicleViewController.swift */ = {isa = PBXFileReference; lastKnownFileType = sourcecode.swift; path = EBVehicleViewController.swift; sourceTree = "<group>"; };
		83CCDA7D211C2E8B002E64C8 /* EBVehicleViewController.xib */ = {isa = PBXFileReference; lastKnownFileType = file.xib; path = EBVehicleViewController.xib; sourceTree = "<group>"; };
		83CCDA81211C2F3A002E64C8 /* UsableFleet.swift */ = {isa = PBXFileReference; fileEncoding = 4; lastKnownFileType = sourcecode.swift; path = UsableFleet.swift; sourceTree = "<group>"; };
		83CCDA82211C2F3A002E64C8 /* VehicleResult.swift */ = {isa = PBXFileReference; fileEncoding = 4; lastKnownFileType = sourcecode.swift; path = VehicleResult.swift; sourceTree = "<group>"; };
		83CCDA86211C31FC002E64C8 /* EBVehicleTableViewCell.swift */ = {isa = PBXFileReference; lastKnownFileType = sourcecode.swift; path = EBVehicleTableViewCell.swift; sourceTree = "<group>"; };
		83CCDA87211C31FC002E64C8 /* EBVehicleTableViewCell.xib */ = {isa = PBXFileReference; lastKnownFileType = file.xib; path = EBVehicleTableViewCell.xib; sourceTree = "<group>"; };
		83CCDA8B211C3703002E64C8 /* EBStarRateView.swift */ = {isa = PBXFileReference; fileEncoding = 4; lastKnownFileType = sourcecode.swift; path = EBStarRateView.swift; sourceTree = "<group>"; };
		83CCDA8F211D377D002E64C8 /* EBOrderViewController.swift */ = {isa = PBXFileReference; lastKnownFileType = sourcecode.swift; path = EBOrderViewController.swift; sourceTree = "<group>"; };
		83CCDA90211D377D002E64C8 /* EBOrderViewController.xib */ = {isa = PBXFileReference; lastKnownFileType = file.xib; path = EBOrderViewController.xib; sourceTree = "<group>"; };
		83CCDA94211D378E002E64C8 /* TotalInfo.swift */ = {isa = PBXFileReference; fileEncoding = 4; lastKnownFileType = sourcecode.swift; path = TotalInfo.swift; sourceTree = "<group>"; };
		83CCDA96211D378E002E64C8 /* OrderResult.swift */ = {isa = PBXFileReference; fileEncoding = 4; lastKnownFileType = sourcecode.swift; path = OrderResult.swift; sourceTree = "<group>"; };
		83CCDA9A211D37C9002E64C8 /* BaseInfo.swift */ = {isa = PBXFileReference; fileEncoding = 4; lastKnownFileType = sourcecode.swift; path = BaseInfo.swift; sourceTree = "<group>"; };
		83CCDA9D211D416B002E64C8 /* EB2ColumnTableViewCell.swift */ = {isa = PBXFileReference; lastKnownFileType = sourcecode.swift; path = EB2ColumnTableViewCell.swift; sourceTree = "<group>"; };
		83CCDA9E211D416B002E64C8 /* EB2ColumnTableViewCell.xib */ = {isa = PBXFileReference; lastKnownFileType = file.xib; path = EB2ColumnTableViewCell.xib; sourceTree = "<group>"; };
		84932C8F21160CE100431C57 /* EBContentView.swift */ = {isa = PBXFileReference; fileEncoding = 4; lastKnownFileType = sourcecode.swift; path = EBContentView.swift; sourceTree = "<group>"; };
		84932C9021160CE100431C57 /* EBMaskView.swift */ = {isa = PBXFileReference; fileEncoding = 4; lastKnownFileType = sourcecode.swift; path = EBMaskView.swift; sourceTree = "<group>"; };
		84932C9121160CE100431C57 /* EBItemPickerView.swift */ = {isa = PBXFileReference; fileEncoding = 4; lastKnownFileType = sourcecode.swift; path = EBItemPickerView.swift; sourceTree = "<group>"; };
		84BE8E6D2116A05B00AE755E /* EBConfig.swift */ = {isa = PBXFileReference; lastKnownFileType = sourcecode.swift; path = EBConfig.swift; sourceTree = "<group>"; };
		84BE8E6F2116B2AF00AE755E /* Moya.framework */ = {isa = PBXFileReference; lastKnownFileType = wrapper.framework; name = Moya.framework; path = Carthage/Build/iOS/Moya.framework; sourceTree = "<group>"; };
		84BE8E702116B2B000AE755E /* Alamofire.framework */ = {isa = PBXFileReference; lastKnownFileType = wrapper.framework; name = Alamofire.framework; path = Carthage/Build/iOS/Alamofire.framework; sourceTree = "<group>"; };
		84BE8E782116B8E100AE755E /* BaiduMapAPI_Base.framework */ = {isa = PBXFileReference; lastKnownFileType = wrapper.framework; name = BaiduMapAPI_Base.framework; path = ebanjia/Vendor/BaiduMapAPI_Base.framework; sourceTree = "<group>"; };
		84BE8E792116B8E100AE755E /* BaiduMapAPI_Search.framework */ = {isa = PBXFileReference; lastKnownFileType = wrapper.framework; name = BaiduMapAPI_Search.framework; path = ebanjia/Vendor/BaiduMapAPI_Search.framework; sourceTree = "<group>"; };
		84BE8E802116B96000AE755E /* CoreLocation.framework */ = {isa = PBXFileReference; lastKnownFileType = wrapper.framework; name = CoreLocation.framework; path = System/Library/Frameworks/CoreLocation.framework; sourceTree = SDKROOT; };
		84BE8E822116B96A00AE755E /* QuartzCore.framework */ = {isa = PBXFileReference; lastKnownFileType = wrapper.framework; name = QuartzCore.framework; path = System/Library/Frameworks/QuartzCore.framework; sourceTree = SDKROOT; };
		84BE8E842116B97400AE755E /* OpenGLES.framework */ = {isa = PBXFileReference; lastKnownFileType = wrapper.framework; name = OpenGLES.framework; path = System/Library/Frameworks/OpenGLES.framework; sourceTree = SDKROOT; };
		84BE8E862116B97E00AE755E /* SystemConfiguration.framework */ = {isa = PBXFileReference; lastKnownFileType = wrapper.framework; name = SystemConfiguration.framework; path = System/Library/Frameworks/SystemConfiguration.framework; sourceTree = SDKROOT; };
		84BE8E882116B98600AE755E /* CoreGraphics.framework */ = {isa = PBXFileReference; lastKnownFileType = wrapper.framework; name = CoreGraphics.framework; path = System/Library/Frameworks/CoreGraphics.framework; sourceTree = SDKROOT; };
		84BE8E8A2116B99000AE755E /* Security.framework */ = {isa = PBXFileReference; lastKnownFileType = wrapper.framework; name = Security.framework; path = System/Library/Frameworks/Security.framework; sourceTree = SDKROOT; };
		84BE8E8C2116B99B00AE755E /* libsqlite3.0.tbd */ = {isa = PBXFileReference; lastKnownFileType = "sourcecode.text-based-dylib-definition"; name = libsqlite3.0.tbd; path = usr/lib/libsqlite3.0.tbd; sourceTree = SDKROOT; };
		84BE8E8E2116B9A300AE755E /* CoreTelephony.framework */ = {isa = PBXFileReference; lastKnownFileType = wrapper.framework; name = CoreTelephony.framework; path = System/Library/Frameworks/CoreTelephony.framework; sourceTree = SDKROOT; };
		84BE8E902116B9AB00AE755E /* libstdc++.6.0.9.tbd */ = {isa = PBXFileReference; lastKnownFileType = "sourcecode.text-based-dylib-definition"; name = "libstdc++.6.0.9.tbd"; path = "usr/lib/libstdc++.6.0.9.tbd"; sourceTree = SDKROOT; };
		84BE8E922116B9E300AE755E /* libcrypto.a */ = {isa = PBXFileReference; lastKnownFileType = archive.ar; name = libcrypto.a; path = ebanjia/Vendor/libcrypto.a; sourceTree = "<group>"; };
		84BE8E932116B9E400AE755E /* libssl.a */ = {isa = PBXFileReference; lastKnownFileType = archive.ar; name = libssl.a; path = ebanjia/Vendor/libssl.a; sourceTree = "<group>"; };
		84BE8E962116CAD200AE755E /* ebanjia-Bridging-Header.h */ = {isa = PBXFileReference; lastKnownFileType = sourcecode.c.h; path = "ebanjia-Bridging-Header.h"; sourceTree = "<group>"; };
		84BE8EA82116CC3800AE755E /* MobileCoreServices.framework */ = {isa = PBXFileReference; lastKnownFileType = wrapper.framework; name = MobileCoreServices.framework; path = System/Library/Frameworks/MobileCoreServices.framework; sourceTree = SDKROOT; };
		84BE8EB72116CF3200AE755E /* EBSearchMapViewController.swift */ = {isa = PBXFileReference; lastKnownFileType = sourcecode.swift; path = EBSearchMapViewController.swift; sourceTree = "<group>"; };
		84BE8EB82116CF3200AE755E /* EBSearchMapViewController.xib */ = {isa = PBXFileReference; lastKnownFileType = file.xib; path = EBSearchMapViewController.xib; sourceTree = "<group>"; };
		84BE8EC821170A2D00AE755E /* EBDummy.h */ = {isa = PBXFileReference; lastKnownFileType = sourcecode.c.h; path = EBDummy.h; sourceTree = "<group>"; };
		84BE8EC921170A2D00AE755E /* EBDummy.mm */ = {isa = PBXFileReference; lastKnownFileType = sourcecode.cpp.objcpp; path = EBDummy.mm; sourceTree = "<group>"; };
		84BE8ECC2117438200AE755E /* EBMainViewController.swift */ = {isa = PBXFileReference; lastKnownFileType = sourcecode.swift; path = EBMainViewController.swift; sourceTree = "<group>"; };
		84BE8ECF211751D900AE755E /* EBHomeViewController.swift */ = {isa = PBXFileReference; lastKnownFileType = sourcecode.swift; path = EBHomeViewController.swift; sourceTree = "<group>"; };
		84BE8ED0211751D900AE755E /* EBHomeViewController.xib */ = {isa = PBXFileReference; lastKnownFileType = file.xib; path = EBHomeViewController.xib; sourceTree = "<group>"; };
		84BE8ED42117521300AE755E /* EBOrderListViewController.swift */ = {isa = PBXFileReference; lastKnownFileType = sourcecode.swift; path = EBOrderListViewController.swift; sourceTree = "<group>"; };
		84BE8ED52117521300AE755E /* EBOrderListViewController.xib */ = {isa = PBXFileReference; lastKnownFileType = file.xib; path = EBOrderListViewController.xib; sourceTree = "<group>"; };
		84BE8ED82117592F00AE755E /* Assets.xcassets */ = {isa = PBXFileReference; lastKnownFileType = folder.assetcatalog; path = Assets.xcassets; sourceTree = "<group>"; };
		84D63CA5216302A000D12C78 /* libcrypto.a */ = {isa = PBXFileReference; lastKnownFileType = archive.ar; path = libcrypto.a; sourceTree = "<group>"; };
		84D63CA6216302A000D12C78 /* BaiduMapAPI_Base.framework */ = {isa = PBXFileReference; lastKnownFileType = wrapper.framework; path = BaiduMapAPI_Base.framework; sourceTree = "<group>"; };
		84D63CA7216302A000D12C78 /* libssl.a */ = {isa = PBXFileReference; lastKnownFileType = archive.ar; path = libssl.a; sourceTree = "<group>"; };
		84D63CA8216302A000D12C78 /* BaiduMapAPI_Search.framework */ = {isa = PBXFileReference; lastKnownFileType = wrapper.framework; path = BaiduMapAPI_Search.framework; sourceTree = "<group>"; };
		84D63CAA216302A000D12C78 /* KeychainSwift.swift */ = {isa = PBXFileReference; fileEncoding = 4; lastKnownFileType = sourcecode.swift; path = KeychainSwift.swift; sourceTree = "<group>"; };
		84D63CAB216302A000D12C78 /* TegKeychainConstants.swift */ = {isa = PBXFileReference; fileEncoding = 4; lastKnownFileType = sourcecode.swift; path = TegKeychainConstants.swift; sourceTree = "<group>"; };
		84D63CAC216302A000D12C78 /* KeychainSwiftAccessOptions.swift */ = {isa = PBXFileReference; fileEncoding = 4; lastKnownFileType = sourcecode.swift; path = KeychainSwiftAccessOptions.swift; sourceTree = "<group>"; };
		84D63CBA2163046000D12C78 /* WXApi.h */ = {isa = PBXFileReference; fileEncoding = 4; lastKnownFileType = sourcecode.c.h; path = WXApi.h; sourceTree = "<group>"; };
		84D63CBB2163046000D12C78 /* WXApiObject.h */ = {isa = PBXFileReference; fileEncoding = 4; lastKnownFileType = sourcecode.c.h; path = WXApiObject.h; sourceTree = "<group>"; };
		84D63CBC2163046000D12C78 /* README.txt */ = {isa = PBXFileReference; fileEncoding = 4; lastKnownFileType = text; path = README.txt; sourceTree = "<group>"; };
		84D63CBD2163046000D12C78 /* WechatAuthSDK.h */ = {isa = PBXFileReference; fileEncoding = 4; lastKnownFileType = sourcecode.c.h; path = WechatAuthSDK.h; sourceTree = "<group>"; };
		84D63CBE2163046000D12C78 /* libWeChatSDK.a */ = {isa = PBXFileReference; lastKnownFileType = archive.ar; path = libWeChatSDK.a; sourceTree = "<group>"; };
		84D63CC02163046000D12C78 /* ShareSDKConnector.framework */ = {isa = PBXFileReference; lastKnownFileType = wrapper.framework; path = ShareSDKConnector.framework; sourceTree = "<group>"; };
		84D63CC12163046000D12C78 /* ShareSDK.bundle */ = {isa = PBXFileReference; lastKnownFileType = "wrapper.plug-in"; path = ShareSDK.bundle; sourceTree = "<group>"; };
		84D63CC32163046000D12C78 /* ShareSDKUI.bundle */ = {isa = PBXFileReference; lastKnownFileType = "wrapper.plug-in"; path = ShareSDKUI.bundle; sourceTree = "<group>"; };
		84D63CC42163046000D12C78 /* ShareSDKExtension.framework */ = {isa = PBXFileReference; lastKnownFileType = wrapper.framework; path = ShareSDKExtension.framework; sourceTree = "<group>"; };
		84D63CC52163046000D12C78 /* ShareSDKUI.framework */ = {isa = PBXFileReference; lastKnownFileType = wrapper.framework; path = ShareSDKUI.framework; sourceTree = "<group>"; };
		84D63CC72163046000D12C78 /* WechatConnector.framework */ = {isa = PBXFileReference; lastKnownFileType = wrapper.framework; path = WechatConnector.framework; sourceTree = "<group>"; };
		84D63CC82163046000D12C78 /* ShareSDK.framework */ = {isa = PBXFileReference; lastKnownFileType = wrapper.framework; path = ShareSDK.framework; sourceTree = "<group>"; };
		84D63CCA2163046000D12C78 /* MOBFoundation.framework */ = {isa = PBXFileReference; lastKnownFileType = wrapper.framework; path = MOBFoundation.framework; sourceTree = "<group>"; };
		84D63CD5216304BE00D12C78 /* libicucore.tbd */ = {isa = PBXFileReference; lastKnownFileType = "sourcecode.text-based-dylib-definition"; name = libicucore.tbd; path = usr/lib/libicucore.tbd; sourceTree = SDKROOT; };
		84D63CD7216304C900D12C78 /* libz.tbd */ = {isa = PBXFileReference; lastKnownFileType = "sourcecode.text-based-dylib-definition"; name = libz.tbd; path = usr/lib/libz.tbd; sourceTree = SDKROOT; };
		84D63CD9216304D900D12C78 /* JavaScriptCore.framework */ = {isa = PBXFileReference; lastKnownFileType = wrapper.framework; name = JavaScriptCore.framework; path = System/Library/Frameworks/JavaScriptCore.framework; sourceTree = SDKROOT; };
		84D63CDB216304E300D12C78 /* libsqlite3.tbd */ = {isa = PBXFileReference; lastKnownFileType = "sourcecode.text-based-dylib-definition"; name = libsqlite3.tbd; path = usr/lib/libsqlite3.tbd; sourceTree = SDKROOT; };
		84F40B0F21631BDB00045061 /* libc++.tbd */ = {isa = PBXFileReference; lastKnownFileType = "sourcecode.text-based-dylib-definition"; name = "libc++.tbd"; path = "usr/lib/libc++.tbd"; sourceTree = SDKROOT; };
		84F40B112163213100045061 /* ShareUtil.swift */ = {isa = PBXFileReference; lastKnownFileType = sourcecode.swift; path = ShareUtil.swift; sourceTree = "<group>"; };
		84F40B142163287C00045061 /* ViewPagerTabView.swift */ = {isa = PBXFileReference; fileEncoding = 4; lastKnownFileType = sourcecode.swift; path = ViewPagerTabView.swift; sourceTree = "<group>"; };
		84F40B152163287C00045061 /* ViewPagerTab.swift */ = {isa = PBXFileReference; fileEncoding = 4; lastKnownFileType = sourcecode.swift; path = ViewPagerTab.swift; sourceTree = "<group>"; };
		84F40B162163287C00045061 /* ViewPagerController.swift */ = {isa = PBXFileReference; fileEncoding = 4; lastKnownFileType = sourcecode.swift; path = ViewPagerController.swift; sourceTree = "<group>"; };
		84F40B172163287C00045061 /* ViewPagerOptions.swift */ = {isa = PBXFileReference; fileEncoding = 4; lastKnownFileType = sourcecode.swift; path = ViewPagerOptions.swift; sourceTree = "<group>"; };
		84F40B1D21632EFB00045061 /* CategoryViewController.swift */ = {isa = PBXFileReference; lastKnownFileType = sourcecode.swift; path = CategoryViewController.swift; sourceTree = "<group>"; };
		84F40B20216335D400045061 /* EBCompanyViewController.swift */ = {isa = PBXFileReference; lastKnownFileType = sourcecode.swift; path = EBCompanyViewController.swift; sourceTree = "<group>"; };
		84F40B21216335D400045061 /* EBCompanyViewController.xib */ = {isa = PBXFileReference; lastKnownFileType = file.xib; path = EBCompanyViewController.xib; sourceTree = "<group>"; };
/* End PBXFileReference section */

/* Begin PBXFrameworksBuildPhase section */
		8389AEE6211066940066999D /* Frameworks */ = {
			isa = PBXFrameworksBuildPhase;
			buildActionMask = 2147483647;
			files = (
				84F40B1021631BDB00045061 /* libc++.tbd in Frameworks */,
				84D63CDC216304E300D12C78 /* libsqlite3.tbd in Frameworks */,
				84D63CDA216304D900D12C78 /* JavaScriptCore.framework in Frameworks */,
				84D63CD8216304C900D12C78 /* libz.tbd in Frameworks */,
				84D63CD6216304BE00D12C78 /* libicucore.tbd in Frameworks */,
				8389AF1D2112D39D0066999D /* Result.framework in Frameworks */,
				84BE8EC62117089A00AE755E /* BaiduMapAPI_Base.framework in Frameworks */,
				84D63CAF216302A100D12C78 /* libssl.a in Frameworks */,
				84BE8EC72117089A00AE755E /* BaiduMapAPI_Search.framework in Frameworks */,
				84BE8EC52117087D00AE755E /* MobileCoreServices.framework in Frameworks */,
				84BE8EB32116CECD00AE755E /* CoreTelephony.framework in Frameworks */,
				84D63CCC2163046000D12C78 /* libWeChatSDK.a in Frameworks */,
				84D63CCD2163046000D12C78 /* ShareSDKConnector.framework in Frameworks */,
				84D63CAE216302A100D12C78 /* BaiduMapAPI_Base.framework in Frameworks */,
				84D63CD12163046000D12C78 /* ShareSDKUI.framework in Frameworks */,
				84BE8EB22116CEBE00AE755E /* Security.framework in Frameworks */,
				84BE8EB12116CEB500AE755E /* CoreGraphics.framework in Frameworks */,
				84D63CD42163046000D12C78 /* MOBFoundation.framework in Frameworks */,
				84BE8EB02116CEAB00AE755E /* SystemConfiguration.framework in Frameworks */,
				84D63CD22163046000D12C78 /* WechatConnector.framework in Frameworks */,
				84D63CD02163046000D12C78 /* ShareSDKExtension.framework in Frameworks */,
				84BE8EAF2116CE9F00AE755E /* OpenGLES.framework in Frameworks */,
				84BE8EAE2116CE9400AE755E /* QuartzCore.framework in Frameworks */,
				84BE8EAD2116CE8100AE755E /* CoreLocation.framework in Frameworks */,
				84D63CAD216302A100D12C78 /* libcrypto.a in Frameworks */,
				84BE8E8D2116B99B00AE755E /* libsqlite3.0.tbd in Frameworks */,
				8389AF252112E29F0066999D /* ObjectMapper.framework in Frameworks */,
				84D63CD32163046000D12C78 /* ShareSDK.framework in Frameworks */,
				84BE8E772116B2EC00AE755E /* Alamofire.framework in Frameworks */,
				8389AF4021131AA30066999D /* SnapKit.framework in Frameworks */,
				84D63CB0216302A100D12C78 /* BaiduMapAPI_Search.framework in Frameworks */,
				84BE8E712116B2B000AE755E /* Moya.framework in Frameworks */,
			);
			runOnlyForDeploymentPostprocessing = 0;
		};
/* End PBXFrameworksBuildPhase section */

/* Begin PBXGroup section */
		830A24A62146179000F44DF5 /* Model */ = {
			isa = PBXGroup;
			children = (
				830A24A721461B3400F44DF5 /* LoginResult.swift */,
			);
			path = Model;
			sourceTree = "<group>";
		};
		834BF4EC211AB78200C6C76E /* ViewController */ = {
			isa = PBXGroup;
			children = (
				83BA49EA2117E8EA0085FB68 /* EBGoodsViewController.swift */,
				83BA49EB2117E8EA0085FB68 /* EBGoodsViewController.xib */,
			);
			path = ViewController;
			sourceTree = "<group>";
		};
		834BF4ED211AB79100C6C76E /* Model */ = {
			isa = PBXGroup;
			children = (
				834BF4F8211AB97C00C6C76E /* Category.swift */,
				834BF4F0211AB93600C6C76E /* AllGood.swift */,
				834BF4F2211AB93600C6C76E /* CartGood.swift */,
				834BF4F1211AB93600C6C76E /* GoodsResult.swift */,
			);
			path = Model;
			sourceTree = "<group>";
		};
		834BF4FA211ABD1700C6C76E /* View */ = {
			isa = PBXGroup;
			children = (
				834BF4FB211ABD2700C6C76E /* EBGoodsTableViewCell.swift */,
				834BF4FC211ABD2700C6C76E /* EBGoodsTableViewCell.xib */,
				834BF4FF211AD2F700C6C76E /* EBCategoryTableViewCell.swift */,
				834BF500211AD2F700C6C76E /* EBCategoryTableViewCell.xib */,
			);
			path = View;
			sourceTree = "<group>";
		};
		834BF503211BCF0600C6C76E /* InfoEx */ = {
			isa = PBXGroup;
			children = (
				83CCDA75211C1D22002E64C8 /* View */,
				83CCDA66211BD11D002E64C8 /* Model */,
				834BF504211BCF1100C6C76E /* ViewController */,
			);
			path = InfoEx;
			sourceTree = "<group>";
		};
		834BF504211BCF1100C6C76E /* ViewController */ = {
			isa = PBXGroup;
			children = (
				834BF505211BCF2A00C6C76E /* EBInfoExViewController.swift */,
				834BF506211BCF2A00C6C76E /* EBInfoExViewController.xib */,
			);
			path = ViewController;
			sourceTree = "<group>";
		};
		8360088121212B6800C9F866 /* ViewController */ = {
			isa = PBXGroup;
			children = (
				84BE8ED42117521300AE755E /* EBOrderListViewController.swift */,
				84BE8ED52117521300AE755E /* EBOrderListViewController.xib */,
				83600891212276FA00C9F866 /* EBKanjiaViewController.swift */,
				83600892212276FA00C9F866 /* EBKanjiaViewController.xib */,
			);
			path = ViewController;
			sourceTree = "<group>";
		};
		8360088921212ED000C9F866 /* View */ = {
			isa = PBXGroup;
			children = (
				8360088B21212ED000C9F866 /* EBOrderListTableViewCell.swift */,
				8360088A21212ED000C9F866 /* EBOrderListTableViewCell.xib */,
			);
			path = View;
			sourceTree = "<group>";
		};
		8360088C21212ED000C9F866 /* Model */ = {
			isa = PBXGroup;
			children = (
				8360088D21212ED000C9F866 /* EBOrderListResult.swift */,
			);
			path = Model;
			sourceTree = "<group>";
		};
		8389AEE0211066940066999D = {
			isa = PBXGroup;
			children = (
				8389AEEB211066940066999D /* ebanjia */,
				8389AEEA211066940066999D /* Products */,
				8389AF172112D1590066999D /* Frameworks */,
			);
			sourceTree = "<group>";
		};
		8389AEEA211066940066999D /* Products */ = {
			isa = PBXGroup;
			children = (
				8389AEE9211066940066999D /* ebanjia.app */,
			);
			name = Products;
			sourceTree = "<group>";
		};
		8389AEEB211066940066999D /* ebanjia */ = {
			isa = PBXGroup;
			children = (
				84D63CA3216302A000D12C78 /* Vendor */,
				84BE8E6C2116A04F00AE755E /* Conifg */,
				84932C8D21160CC700431C57 /* Component */,
				8389AF362112FA080066999D /* Extensions */,
				8389AF282112E3A60066999D /* Service */,
				8389AF0221129A710066999D /* Classes */,
				8389AEEC211066940066999D /* AppDelegate.swift */,
				8389AEF5211066950066999D /* LaunchScreen.storyboard */,
				84BE8ED82117592F00AE755E /* Assets.xcassets */,
				8389AEF8211066950066999D /* Info.plist */,
				84BE8E962116CAD200AE755E /* ebanjia-Bridging-Header.h */,
				84BE8EC821170A2D00AE755E /* EBDummy.h */,
				84BE8EC921170A2D00AE755E /* EBDummy.mm */,
			);
			path = ebanjia;
			sourceTree = "<group>";
		};
		8389AF0221129A710066999D /* Classes */ = {
			isa = PBXGroup;
			children = (
				84F40B1F216335B500045061 /* Company */,
				84F40B1C21632ED700045061 /* Category */,
				83CCDA8D211D375A002E64C8 /* Order */,
				83CCDA7A211C2E4B002E64C8 /* Vehicle */,
				834BF503211BCF0600C6C76E /* InfoEx */,
				83BA49E92117E8D50085FB68 /* Goods */,
				84BE8ED3211751FB00AE755E /* OrderList */,
				84BE8ECE211751C300AE755E /* Home */,
				84BE8ECB2117435100AE755E /* Main */,
				8389AF302112F8EB0066999D /* Base */,
				8389AF0421129AAE0066999D /* Info */,
				8389AF0321129AA10066999D /* Login */,
			);
			path = Classes;
			sourceTree = "<group>";
		};
		8389AF0321129AA10066999D /* Login */ = {
			isa = PBXGroup;
			children = (
				830A24A62146179000F44DF5 /* Model */,
				8389AF1A2112D1860066999D /* ViewController */,
			);
			path = Login;
			sourceTree = "<group>";
		};
		8389AF0421129AAE0066999D /* Info */ = {
			isa = PBXGroup;
			children = (
				8389AF0A2112CA180066999D /* Model */,
				8389AF092112CA070066999D /* ViewController */,
			);
			path = Info;
			sourceTree = "<group>";
		};
		8389AF092112CA070066999D /* ViewController */ = {
			isa = PBXGroup;
			children = (
				8389AF0521129AC20066999D /* EBInfoViewController.swift */,
				8389AF0621129AC20066999D /* EBInfoViewController.xib */,
				84BE8EB72116CF3200AE755E /* EBSearchMapViewController.swift */,
				84BE8EB82116CF3200AE755E /* EBSearchMapViewController.xib */,
			);
			path = ViewController;
			sourceTree = "<group>";
		};
		8389AF0A2112CA180066999D /* Model */ = {
			isa = PBXGroup;
			children = (
				830A24AB21463B1500F44DF5 /* EBMovein.swift */,
				830A24A921463AF400F44DF5 /* EBInfoResult.swift */,
			);
			path = Model;
			sourceTree = "<group>";
		};
		8389AF172112D1590066999D /* Frameworks */ = {
			isa = PBXGroup;
			children = (
				84F40B0F21631BDB00045061 /* libc++.tbd */,
				84D63CDB216304E300D12C78 /* libsqlite3.tbd */,
				84D63CD9216304D900D12C78 /* JavaScriptCore.framework */,
				84D63CD7216304C900D12C78 /* libz.tbd */,
				84D63CD5216304BE00D12C78 /* libicucore.tbd */,
				84BE8E922116B9E300AE755E /* libcrypto.a */,
				84BE8E932116B9E400AE755E /* libssl.a */,
				84BE8E902116B9AB00AE755E /* libstdc++.6.0.9.tbd */,
				84BE8E8C2116B99B00AE755E /* libsqlite3.0.tbd */,
				84BE8E8E2116B9A300AE755E /* CoreTelephony.framework */,
				84BE8EA82116CC3800AE755E /* MobileCoreServices.framework */,
				84BE8E8A2116B99000AE755E /* Security.framework */,
				84BE8E882116B98600AE755E /* CoreGraphics.framework */,
				84BE8E862116B97E00AE755E /* SystemConfiguration.framework */,
				84BE8E842116B97400AE755E /* OpenGLES.framework */,
				84BE8E822116B96A00AE755E /* QuartzCore.framework */,
				84BE8E802116B96000AE755E /* CoreLocation.framework */,
				84BE8E782116B8E100AE755E /* BaiduMapAPI_Base.framework */,
				84BE8E792116B8E100AE755E /* BaiduMapAPI_Search.framework */,
				84BE8E702116B2B000AE755E /* Alamofire.framework */,
				84BE8E6F2116B2AF00AE755E /* Moya.framework */,
				8389AF3F21131AA20066999D /* SnapKit.framework */,
				8389AF2B2112EA790066999D /* PKHUD.framework */,
				8389AF242112E29F0066999D /* ObjectMapper.framework */,
				8389AF1C2112D39D0066999D /* Result.framework */,
			);
			name = Frameworks;
			sourceTree = "<group>";
		};
		8389AF1A2112D1860066999D /* ViewController */ = {
			isa = PBXGroup;
			children = (
				8389AEFE21129A620066999D /* EBLoginViewController.swift */,
				8389AEFF21129A620066999D /* EBLoginViewController.xib */,
			);
			path = ViewController;
			sourceTree = "<group>";
		};
		8389AF282112E3A60066999D /* Service */ = {
			isa = PBXGroup;
			children = (
				8389AF152112CBD10066999D /* EBServiceApi.swift */,
				8389AF292112E3C40066999D /* EBResponse.swift */,
				830A24AD2146402A00F44DF5 /* EBResponsePlugin.swift */,
				830A24AF2146418E00F44DF5 /* EBServiceManager.swift */,
			);
			path = Service;
			sourceTree = "<group>";
		};
		8389AF302112F8EB0066999D /* Base */ = {
			isa = PBXGroup;
			children = (
				8389AF312112F8F00066999D /* View */,
			);
			path = Base;
			sourceTree = "<group>";
		};
		8389AF312112F8F00066999D /* View */ = {
			isa = PBXGroup;
			children = (
				8389AF322112F9190066999D /* EBInputTableViewCell.swift */,
				8389AF332112F9190066999D /* EBInputTableViewCell.xib */,
				8389AF39211304A90066999D /* EBSelectTableViewCell.swift */,
				8389AF3A211304A90066999D /* EBSelectTableViewCell.xib */,
				8389AF3D211314A40066999D /* EBHeaderView.swift */,
			);
			path = View;
			sourceTree = "<group>";
		};
		8389AF362112FA080066999D /* Extensions */ = {
			isa = PBXGroup;
			children = (
				8389AF372112FA270066999D /* UITableView+Reuse.swift */,
				8360087E212119CC00C9F866 /* String+Size.swift */,
				83CCDA73211C0FCD002E64C8 /* Date+extension.swift */,
			);
			path = Extensions;
			sourceTree = "<group>";
		};
		83BA49E92117E8D50085FB68 /* Goods */ = {
			isa = PBXGroup;
			children = (
				834BF4FA211ABD1700C6C76E /* View */,
				834BF4ED211AB79100C6C76E /* Model */,
				834BF4EC211AB78200C6C76E /* ViewController */,
			);
			path = Goods;
			sourceTree = "<group>";
		};
		83CCDA66211BD11D002E64C8 /* Model */ = {
			isa = PBXGroup;
			children = (
				83CCDA67211BD13C002E64C8 /* CartContact.swift */,
				83CCDA6B211BD13D002E64C8 /* CartTime.swift */,
				83CCDA68211BD13C002E64C8 /* InfoExResult.swift */,
				83CCDA6A211BD13D002E64C8 /* TimeSlot.swift */,
			);
			path = Model;
			sourceTree = "<group>";
		};
		83CCDA75211C1D22002E64C8 /* View */ = {
			isa = PBXGroup;
			children = (
				83CCDA76211C1D34002E64C8 /* EBMarkTableViewCell.swift */,
				83CCDA77211C1D34002E64C8 /* EBMarkTableViewCell.xib */,
			);
			path = View;
			sourceTree = "<group>";
		};
		83CCDA7A211C2E4B002E64C8 /* Vehicle */ = {
			isa = PBXGroup;
			children = (
				83CCDA85211C31E2002E64C8 /* View */,
				83CCDA80211C2F2B002E64C8 /* Model */,
				83CCDA7B211C2E6F002E64C8 /* ViewController */,
			);
			path = Vehicle;
			sourceTree = "<group>";
		};
		83CCDA7B211C2E6F002E64C8 /* ViewController */ = {
			isa = PBXGroup;
			children = (
				83CCDA7C211C2E8B002E64C8 /* EBVehicleViewController.swift */,
				83CCDA7D211C2E8B002E64C8 /* EBVehicleViewController.xib */,
			);
			path = ViewController;
			sourceTree = "<group>";
		};
		83CCDA80211C2F2B002E64C8 /* Model */ = {
			isa = PBXGroup;
			children = (
				83CCDA82211C2F3A002E64C8 /* VehicleResult.swift */,
				83CCDA81211C2F3A002E64C8 /* UsableFleet.swift */,
			);
			path = Model;
			sourceTree = "<group>";
		};
		83CCDA85211C31E2002E64C8 /* View */ = {
			isa = PBXGroup;
			children = (
				83CCDA86211C31FC002E64C8 /* EBVehicleTableViewCell.swift */,
				83CCDA87211C31FC002E64C8 /* EBVehicleTableViewCell.xib */,
			);
			path = View;
			sourceTree = "<group>";
		};
		83CCDA8A211C36F5002E64C8 /* StarView */ = {
			isa = PBXGroup;
			children = (
				83CCDA8B211C3703002E64C8 /* EBStarRateView.swift */,
			);
			path = StarView;
			sourceTree = "<group>";
		};
		83CCDA8D211D375A002E64C8 /* Order */ = {
			isa = PBXGroup;
			children = (
				83CCDA9C211D4149002E64C8 /* View */,
				83CCDA93211D3781002E64C8 /* Model */,
				83CCDA8E211D3763002E64C8 /* ViewController */,
			);
			path = Order;
			sourceTree = "<group>";
		};
		83CCDA8E211D3763002E64C8 /* ViewController */ = {
			isa = PBXGroup;
			children = (
				83CCDA8F211D377D002E64C8 /* EBOrderViewController.swift */,
				83CCDA90211D377D002E64C8 /* EBOrderViewController.xib */,
			);
			path = ViewController;
			sourceTree = "<group>";
		};
		83CCDA93211D3781002E64C8 /* Model */ = {
			isa = PBXGroup;
			children = (
				83CCDA96211D378E002E64C8 /* OrderResult.swift */,
				83CCDA9A211D37C9002E64C8 /* BaseInfo.swift */,
				83CCDA94211D378E002E64C8 /* TotalInfo.swift */,
			);
			path = Model;
			sourceTree = "<group>";
		};
		83CCDA9C211D4149002E64C8 /* View */ = {
			isa = PBXGroup;
			children = (
				83CCDA9D211D416B002E64C8 /* EB2ColumnTableViewCell.swift */,
				83CCDA9E211D416B002E64C8 /* EB2ColumnTableViewCell.xib */,
				8360087A211D939800C9F866 /* EB3ColumnTableViewCell.swift */,
				8360087B211D939800C9F866 /* EB3ColumnTableViewCell.xib */,
				83600876211D8D3200C9F866 /* EBNoteTableViewCell.swift */,
				83600877211D8D3200C9F866 /* EBNoteTableViewCell.xib */,
			);
			path = View;
			sourceTree = "<group>";
		};
		84932C8D21160CC700431C57 /* Component */ = {
			isa = PBXGroup;
			children = (
				83CCDA8A211C36F5002E64C8 /* StarView */,
				84932C8E21160CE100431C57 /* PickerView */,
			);
			path = Component;
			sourceTree = "<group>";
		};
		84932C8E21160CE100431C57 /* PickerView */ = {
			isa = PBXGroup;
			children = (
				84932C8F21160CE100431C57 /* EBContentView.swift */,
				84932C9021160CE100431C57 /* EBMaskView.swift */,
				84932C9121160CE100431C57 /* EBItemPickerView.swift */,
				83CCDA71211BED40002E64C8 /* EBDatePickerView.swift */,
			);
			path = PickerView;
			sourceTree = "<group>";
		};
		84BE8E6C2116A04F00AE755E /* Conifg */ = {
			isa = PBXGroup;
			children = (
				84BE8E6D2116A05B00AE755E /* EBConfig.swift */,
			);
			path = Conifg;
			sourceTree = "<group>";
		};
		84BE8ECB2117435100AE755E /* Main */ = {
			isa = PBXGroup;
			children = (
				84BE8ECC2117438200AE755E /* EBMainViewController.swift */,
			);
			path = Main;
			sourceTree = "<group>";
		};
		84BE8ECE211751C300AE755E /* Home */ = {
			isa = PBXGroup;
			children = (
				84BE8ECF211751D900AE755E /* EBHomeViewController.swift */,
				84BE8ED0211751D900AE755E /* EBHomeViewController.xib */,
			);
			path = Home;
			sourceTree = "<group>";
		};
		84BE8ED3211751FB00AE755E /* OrderList */ = {
			isa = PBXGroup;
			children = (
				8360088C21212ED000C9F866 /* Model */,
				8360088921212ED000C9F866 /* View */,
				8360088121212B6800C9F866 /* ViewController */,
			);
			path = OrderList;
			sourceTree = "<group>";
		};
		84D63CA3216302A000D12C78 /* Vendor */ = {
			isa = PBXGroup;
			children = (
				84F40B132163287C00045061 /* viewpager */,
				84D63CB42163046000D12C78 /* share */,
				84D63CA4216302A000D12C78 /* baidu */,
				84D63CA9216302A000D12C78 /* keychain */,
			);
			path = Vendor;
			sourceTree = "<group>";
		};
		84D63CA4216302A000D12C78 /* baidu */ = {
			isa = PBXGroup;
			children = (
				84D63CA5216302A000D12C78 /* libcrypto.a */,
				84D63CA6216302A000D12C78 /* BaiduMapAPI_Base.framework */,
				84D63CA7216302A000D12C78 /* libssl.a */,
				84D63CA8216302A000D12C78 /* BaiduMapAPI_Search.framework */,
			);
			path = baidu;
			sourceTree = "<group>";
		};
		84D63CA9216302A000D12C78 /* keychain */ = {
			isa = PBXGroup;
			children = (
				84D63CAA216302A000D12C78 /* KeychainSwift.swift */,
				84D63CAB216302A000D12C78 /* TegKeychainConstants.swift */,
				84D63CAC216302A000D12C78 /* KeychainSwiftAccessOptions.swift */,
			);
			path = keychain;
			sourceTree = "<group>";
		};
		84D63CB42163046000D12C78 /* share */ = {
			isa = PBXGroup;
			children = (
				84D63CB52163046000D12C78 /* SDK */,
				84F40B112163213100045061 /* ShareUtil.swift */,
			);
			path = share;
			sourceTree = "<group>";
		};
		84D63CB52163046000D12C78 /* SDK */ = {
			isa = PBXGroup;
			children = (
				84D63CB62163046000D12C78 /* ShareSDK */,
				84D63CC92163046000D12C78 /* Required */,
			);
			path = SDK;
			sourceTree = "<group>";
		};
		84D63CB62163046000D12C78 /* ShareSDK */ = {
			isa = PBXGroup;
			children = (
				84D63CB72163046000D12C78 /* Support */,
				84D63CC82163046000D12C78 /* ShareSDK.framework */,
			);
			path = ShareSDK;
			sourceTree = "<group>";
		};
		84D63CB72163046000D12C78 /* Support */ = {
			isa = PBXGroup;
			children = (
				84D63CB82163046000D12C78 /* PlatformSDK */,
				84D63CBF2163046000D12C78 /* Required */,
				84D63CC22163046000D12C78 /* Optional */,
				84D63CC62163046000D12C78 /* PlatformConnector */,
			);
			path = Support;
			sourceTree = "<group>";
		};
		84D63CB82163046000D12C78 /* PlatformSDK */ = {
			isa = PBXGroup;
			children = (
				84D63CB92163046000D12C78 /* WeChatSDK */,
			);
			path = PlatformSDK;
			sourceTree = "<group>";
		};
		84D63CB92163046000D12C78 /* WeChatSDK */ = {
			isa = PBXGroup;
			children = (
				84D63CBA2163046000D12C78 /* WXApi.h */,
				84D63CBB2163046000D12C78 /* WXApiObject.h */,
				84D63CBC2163046000D12C78 /* README.txt */,
				84D63CBD2163046000D12C78 /* WechatAuthSDK.h */,
				84D63CBE2163046000D12C78 /* libWeChatSDK.a */,
			);
			path = WeChatSDK;
			sourceTree = "<group>";
		};
		84D63CBF2163046000D12C78 /* Required */ = {
			isa = PBXGroup;
			children = (
				84D63CC02163046000D12C78 /* ShareSDKConnector.framework */,
				84D63CC12163046000D12C78 /* ShareSDK.bundle */,
			);
			path = Required;
			sourceTree = "<group>";
		};
		84D63CC22163046000D12C78 /* Optional */ = {
			isa = PBXGroup;
			children = (
				84D63CC32163046000D12C78 /* ShareSDKUI.bundle */,
				84D63CC42163046000D12C78 /* ShareSDKExtension.framework */,
				84D63CC52163046000D12C78 /* ShareSDKUI.framework */,
			);
			path = Optional;
			sourceTree = "<group>";
		};
		84D63CC62163046000D12C78 /* PlatformConnector */ = {
			isa = PBXGroup;
			children = (
				84D63CC72163046000D12C78 /* WechatConnector.framework */,
			);
			path = PlatformConnector;
			sourceTree = "<group>";
		};
		84D63CC92163046000D12C78 /* Required */ = {
			isa = PBXGroup;
			children = (
				84D63CCA2163046000D12C78 /* MOBFoundation.framework */,
			);
			path = Required;
			sourceTree = "<group>";
		};
		84F40B132163287C00045061 /* viewpager */ = {
			isa = PBXGroup;
			children = (
				84F40B142163287C00045061 /* ViewPagerTabView.swift */,
				84F40B152163287C00045061 /* ViewPagerTab.swift */,
				84F40B162163287C00045061 /* ViewPagerController.swift */,
				84F40B172163287C00045061 /* ViewPagerOptions.swift */,
			);
			path = viewpager;
			sourceTree = "<group>";
		};
		84F40B1C21632ED700045061 /* Category */ = {
			isa = PBXGroup;
			children = (
				84F40B1D21632EFB00045061 /* CategoryViewController.swift */,
			);
			path = Category;
			sourceTree = "<group>";
		};
		84F40B1F216335B500045061 /* Company */ = {
			isa = PBXGroup;
			children = (
				84F40B20216335D400045061 /* EBCompanyViewController.swift */,
				84F40B21216335D400045061 /* EBCompanyViewController.xib */,
			);
			path = Company;
			sourceTree = "<group>";
		};
/* End PBXGroup section */

/* Begin PBXNativeTarget section */
		8389AEE8211066940066999D /* ebanjia */ = {
			isa = PBXNativeTarget;
			buildConfigurationList = 8389AEFB211066950066999D /* Build configuration list for PBXNativeTarget "ebanjia" */;
			buildPhases = (
				8389AEE5211066940066999D /* Sources */,
				8389AEE6211066940066999D /* Frameworks */,
				8389AEE7211066940066999D /* Resources */,
				8389AF142112CB930066999D /* Embed Frameworks */,
				832A5F5721492EA800C6C758 /* ShellScript */,
			);
			buildRules = (
			);
			dependencies = (
			);
			name = ebanjia;
			productName = ebanjia;
			productReference = 8389AEE9211066940066999D /* ebanjia.app */;
			productType = "com.apple.product-type.application";
		};
/* End PBXNativeTarget section */

/* Begin PBXProject section */
		8389AEE1211066940066999D /* Project object */ = {
			isa = PBXProject;
			attributes = {
				LastSwiftUpdateCheck = 0940;
				LastUpgradeCheck = 0940;
				ORGANIZATIONNAME = ebanjia;
				TargetAttributes = {
					8389AEE8211066940066999D = {
						CreatedOnToolsVersion = 9.4.1;
						LastSwiftMigration = 0940;
					};
				};
			};
			buildConfigurationList = 8389AEE4211066940066999D /* Build configuration list for PBXProject "ebanjia" */;
			compatibilityVersion = "Xcode 9.3";
			developmentRegion = en;
			hasScannedForEncodings = 0;
			knownRegions = (
				en,
				Base,
			);
			mainGroup = 8389AEE0211066940066999D;
			productRefGroup = 8389AEEA211066940066999D /* Products */;
			projectDirPath = "";
			projectRoot = "";
			targets = (
				8389AEE8211066940066999D /* ebanjia */,
			);
		};
/* End PBXProject section */

/* Begin PBXResourcesBuildPhase section */
		8389AEE7211066940066999D /* Resources */ = {
			isa = PBXResourcesBuildPhase;
			buildActionMask = 2147483647;
			files = (
				84BE8ED2211751D900AE755E /* EBHomeViewController.xib in Resources */,
				83600879211D8D3200C9F866 /* EBNoteTableViewCell.xib in Resources */,
				83CCDAA0211D416B002E64C8 /* EB2ColumnTableViewCell.xib in Resources */,
				8389AF3C211304A90066999D /* EBSelectTableViewCell.xib in Resources */,
				84D63CCE2163046000D12C78 /* ShareSDK.bundle in Resources */,
				83CCDA7F211C2E8B002E64C8 /* EBVehicleViewController.xib in Resources */,
				83BA49ED2117E8EA0085FB68 /* EBGoodsViewController.xib in Resources */,
				84D63CCB2163046000D12C78 /* README.txt in Resources */,
				8360087D211D939800C9F866 /* EB3ColumnTableViewCell.xib in Resources */,
				83600894212276FA00C9F866 /* EBKanjiaViewController.xib in Resources */,
				834BF508211BCF2A00C6C76E /* EBInfoExViewController.xib in Resources */,
				83CCDA89211C31FC002E64C8 /* EBVehicleTableViewCell.xib in Resources */,
				8389AEF7211066950066999D /* LaunchScreen.storyboard in Resources */,
				83CCDA92211D377D002E64C8 /* EBOrderViewController.xib in Resources */,
				8389AF0121129A620066999D /* EBLoginViewController.xib in Resources */,
				8389AF352112F9190066999D /* EBInputTableViewCell.xib in Resources */,
				8389AF0821129AC20066999D /* EBInfoViewController.xib in Resources */,
				84F40B23216335D400045061 /* EBCompanyViewController.xib in Resources */,
				8360088E21212ED000C9F866 /* EBOrderListTableViewCell.xib in Resources */,
				84BE8ED72117521300AE755E /* EBOrderListViewController.xib in Resources */,
				834BF502211AD2F700C6C76E /* EBCategoryTableViewCell.xib in Resources */,
				84BE8ED92117592F00AE755E /* Assets.xcassets in Resources */,
				834BF4FE211ABD2700C6C76E /* EBGoodsTableViewCell.xib in Resources */,
				84D63CCF2163046000D12C78 /* ShareSDKUI.bundle in Resources */,
				84BE8EBA2116CF3200AE755E /* EBSearchMapViewController.xib in Resources */,
				83CCDA79211C1D34002E64C8 /* EBMarkTableViewCell.xib in Resources */,
			);
			runOnlyForDeploymentPostprocessing = 0;
		};
/* End PBXResourcesBuildPhase section */

/* Begin PBXShellScriptBuildPhase section */
		832A5F5721492EA800C6C758 /* ShellScript */ = {
			isa = PBXShellScriptBuildPhase;
			buildActionMask = 2147483647;
			files = (
			);
			inputPaths = (
			);
			outputPaths = (
			);
			runOnlyForDeploymentPostprocessing = 0;
			shellPath = /bin/sh;
			shellScript = "APP_PATH=\"${TARGET_BUILD_DIR}/${WRAPPER_NAME}\"\n\n# This script loops through the frameworks embedded in the application and\n\n# removes unused architectures.\n\nfind \"$APP_PATH\" -name '*.framework' -type d | while read -r FRAMEWORK\n\ndo\n\nFRAMEWORK_EXECUTABLE_NAME=$(defaults read \"$FRAMEWORK/Info.plist\" CFBundleExecutable)\n\nFRAMEWORK_EXECUTABLE_PATH=\"$FRAMEWORK/$FRAMEWORK_EXECUTABLE_NAME\"\n\necho \"Executable is $FRAMEWORK_EXECUTABLE_PATH\"\n\nEXTRACTED_ARCHS=()\n\nfor ARCH in $ARCHS\n\ndo\n\necho \"Extracting $ARCH from $FRAMEWORK_EXECUTABLE_NAME\"\n\nlipo -extract \"$ARCH\" \"$FRAMEWORK_EXECUTABLE_PATH\" -o \"$FRAMEWORK_EXECUTABLE_PATH-$ARCH\"\n\nEXTRACTED_ARCHS+=(\"$FRAMEWORK_EXECUTABLE_PATH-$ARCH\")\n\ndone\n\necho \"Merging extracted architectures: ${ARCHS}\"\n\nlipo -o \"$FRAMEWORK_EXECUTABLE_PATH-merged\" -create \"${EXTRACTED_ARCHS[@]}\"\n\nrm \"${EXTRACTED_ARCHS[@]}\"\n\necho \"Replacing original executable with thinned version\"\n\nrm \"$FRAMEWORK_EXECUTABLE_PATH\"\n\nmv \"$FRAMEWORK_EXECUTABLE_PATH-merged\" \"$FRAMEWORK_EXECUTABLE_PATH\"\n\ndone";
		};
/* End PBXShellScriptBuildPhase section */

/* Begin PBXSourcesBuildPhase section */
		8389AEE5211066940066999D /* Sources */ = {
			isa = PBXSourcesBuildPhase;
			buildActionMask = 2147483647;
			files = (
				830A24AA21463AF500F44DF5 /* EBInfoResult.swift in Sources */,
				84BE8ECD2117438200AE755E /* EBMainViewController.swift in Sources */,
				83CCDA83211C2F3A002E64C8 /* UsableFleet.swift in Sources */,
				84932C9421160CE200431C57 /* EBItemPickerView.swift in Sources */,
				83CCDA6C211BD13D002E64C8 /* CartContact.swift in Sources */,
				8389AF3B211304A90066999D /* EBSelectTableViewCell.swift in Sources */,
				834BF4FD211ABD2700C6C76E /* EBGoodsTableViewCell.swift in Sources */,
				834BF507211BCF2A00C6C76E /* EBInfoExViewController.swift in Sources */,
				84932C9321160CE200431C57 /* EBMaskView.swift in Sources */,
				8389AF382112FA270066999D /* UITableView+Reuse.swift in Sources */,
				834BF501211AD2F700C6C76E /* EBCategoryTableViewCell.swift in Sources */,
				84F40B122163213100045061 /* ShareUtil.swift in Sources */,
				8389AEED211066940066999D /* AppDelegate.swift in Sources */,
				83CCDA6F211BD13D002E64C8 /* TimeSlot.swift in Sources */,
				830A24AE2146402A00F44DF5 /* EBResponsePlugin.swift in Sources */,
				84D63CB2216302A100D12C78 /* TegKeychainConstants.swift in Sources */,
				84F40B1E21632EFB00045061 /* CategoryViewController.swift in Sources */,
				8389AF2A2112E3C40066999D /* EBResponse.swift in Sources */,
				8389AF0021129A620066999D /* EBLoginViewController.swift in Sources */,
				84BE8ED1211751D900AE755E /* EBHomeViewController.swift in Sources */,
				8389AF3E211314A40066999D /* EBHeaderView.swift in Sources */,
				84F40B22216335D400045061 /* EBCompanyViewController.swift in Sources */,
				830A24AC21463B1500F44DF5 /* EBMovein.swift in Sources */,
				830A24B02146418E00F44DF5 /* EBServiceManager.swift in Sources */,
				8360089021212ED000C9F866 /* EBOrderListResult.swift in Sources */,
				8389AF342112F9190066999D /* EBInputTableViewCell.swift in Sources */,
				83CCDA99211D378F002E64C8 /* OrderResult.swift in Sources */,
				84F40B182163287C00045061 /* ViewPagerTabView.swift in Sources */,
				83CCDA88211C31FC002E64C8 /* EBVehicleTableViewCell.swift in Sources */,
				830A24A821461B3400F44DF5 /* LoginResult.swift in Sources */,
				83CCDA97211D378F002E64C8 /* TotalInfo.swift in Sources */,
				83CCDA91211D377D002E64C8 /* EBOrderViewController.swift in Sources */,
				84D63CB3216302A100D12C78 /* KeychainSwiftAccessOptions.swift in Sources */,
				8389AF0721129AC20066999D /* EBInfoViewController.swift in Sources */,
				83CCDA84211C2F3A002E64C8 /* VehicleResult.swift in Sources */,
				83CCDA9F211D416B002E64C8 /* EB2ColumnTableViewCell.swift in Sources */,
				84F40B1A2163287C00045061 /* ViewPagerController.swift in Sources */,
				834BF4F9211AB97D00C6C76E /* Category.swift in Sources */,
				83CCDA7E211C2E8B002E64C8 /* EBVehicleViewController.swift in Sources */,
				84F40B1B2163287C00045061 /* ViewPagerOptions.swift in Sources */,
				84BE8ED62117521300AE755E /* EBOrderListViewController.swift in Sources */,
				8360087C211D939800C9F866 /* EB3ColumnTableViewCell.swift in Sources */,
				84F40B192163287C00045061 /* ViewPagerTab.swift in Sources */,
				83CCDA6D211BD13D002E64C8 /* InfoExResult.swift in Sources */,
				83CCDA8C211C3703002E64C8 /* EBStarRateView.swift in Sources */,
				83BA49EC2117E8EA0085FB68 /* EBGoodsViewController.swift in Sources */,
				8360088F21212ED000C9F866 /* EBOrderListTableViewCell.swift in Sources */,
				8360087F212119CC00C9F866 /* String+Size.swift in Sources */,
				83CCDA74211C0FCD002E64C8 /* Date+extension.swift in Sources */,
				84D63CB1216302A100D12C78 /* KeychainSwift.swift in Sources */,
				83CCDA70211BD13D002E64C8 /* CartTime.swift in Sources */,
				834BF4F6211AB93600C6C76E /* CartGood.swift in Sources */,
				8389AF162112CBD10066999D /* EBServiceApi.swift in Sources */,
				83CCDA72211BED40002E64C8 /* EBDatePickerView.swift in Sources */,
				83CCDA78211C1D34002E64C8 /* EBMarkTableViewCell.swift in Sources */,
				83600878211D8D3200C9F866 /* EBNoteTableViewCell.swift in Sources */,
				83600893212276FA00C9F866 /* EBKanjiaViewController.swift in Sources */,
				84932C9221160CE200431C57 /* EBContentView.swift in Sources */,
				84BE8EB92116CF3200AE755E /* EBSearchMapViewController.swift in Sources */,
				84BE8ECA21170A2D00AE755E /* EBDummy.mm in Sources */,
				834BF4F5211AB93600C6C76E /* GoodsResult.swift in Sources */,
				834BF4F4211AB93600C6C76E /* AllGood.swift in Sources */,
				83CCDA9B211D37C9002E64C8 /* BaseInfo.swift in Sources */,
				84BE8E6E2116A05B00AE755E /* EBConfig.swift in Sources */,
			);
			runOnlyForDeploymentPostprocessing = 0;
		};
/* End PBXSourcesBuildPhase section */

/* Begin PBXVariantGroup section */
		8389AEF5211066950066999D /* LaunchScreen.storyboard */ = {
			isa = PBXVariantGroup;
			children = (
				8389AEF6211066950066999D /* Base */,
			);
			name = LaunchScreen.storyboard;
			sourceTree = "<group>";
		};
/* End PBXVariantGroup section */

/* Begin XCBuildConfiguration section */
		8389AEF9211066950066999D /* Debug */ = {
			isa = XCBuildConfiguration;
			buildSettings = {
				ALWAYS_SEARCH_USER_PATHS = NO;
				CLANG_ANALYZER_NONNULL = YES;
				CLANG_ANALYZER_NUMBER_OBJECT_CONVERSION = YES_AGGRESSIVE;
				CLANG_CXX_LANGUAGE_STANDARD = "gnu++14";
				CLANG_CXX_LIBRARY = "libc++";
				CLANG_ENABLE_MODULES = YES;
				CLANG_ENABLE_OBJC_ARC = YES;
				CLANG_ENABLE_OBJC_WEAK = YES;
				CLANG_WARN_BLOCK_CAPTURE_AUTORELEASING = YES;
				CLANG_WARN_BOOL_CONVERSION = YES;
				CLANG_WARN_COMMA = YES;
				CLANG_WARN_CONSTANT_CONVERSION = YES;
				CLANG_WARN_DEPRECATED_OBJC_IMPLEMENTATIONS = YES;
				CLANG_WARN_DIRECT_OBJC_ISA_USAGE = YES_ERROR;
				CLANG_WARN_DOCUMENTATION_COMMENTS = YES;
				CLANG_WARN_EMPTY_BODY = YES;
				CLANG_WARN_ENUM_CONVERSION = YES;
				CLANG_WARN_INFINITE_RECURSION = YES;
				CLANG_WARN_INT_CONVERSION = YES;
				CLANG_WARN_NON_LITERAL_NULL_CONVERSION = YES;
				CLANG_WARN_OBJC_IMPLICIT_RETAIN_SELF = YES;
				CLANG_WARN_OBJC_LITERAL_CONVERSION = YES;
				CLANG_WARN_OBJC_ROOT_CLASS = YES_ERROR;
				CLANG_WARN_RANGE_LOOP_ANALYSIS = YES;
				CLANG_WARN_STRICT_PROTOTYPES = YES;
				CLANG_WARN_SUSPICIOUS_MOVE = YES;
				CLANG_WARN_UNGUARDED_AVAILABILITY = YES_AGGRESSIVE;
				CLANG_WARN_UNREACHABLE_CODE = YES;
				CLANG_WARN__DUPLICATE_METHOD_MATCH = YES;
				CODE_SIGN_IDENTITY = "iPhone Developer";
				COPY_PHASE_STRIP = NO;
				DEBUG_INFORMATION_FORMAT = dwarf;
				ENABLE_STRICT_OBJC_MSGSEND = YES;
				ENABLE_TESTABILITY = YES;
				GCC_C_LANGUAGE_STANDARD = gnu11;
				GCC_DYNAMIC_NO_PIC = NO;
				GCC_NO_COMMON_BLOCKS = YES;
				GCC_OPTIMIZATION_LEVEL = 0;
				GCC_PREPROCESSOR_DEFINITIONS = (
					"DEBUG=1",
					"$(inherited)",
				);
				GCC_WARN_64_TO_32_BIT_CONVERSION = YES;
				GCC_WARN_ABOUT_RETURN_TYPE = YES_ERROR;
				GCC_WARN_UNDECLARED_SELECTOR = YES;
				GCC_WARN_UNINITIALIZED_AUTOS = YES_AGGRESSIVE;
				GCC_WARN_UNUSED_FUNCTION = YES;
				GCC_WARN_UNUSED_VARIABLE = YES;
				IPHONEOS_DEPLOYMENT_TARGET = 11.4;
				MTL_ENABLE_DEBUG_INFO = YES;
				ONLY_ACTIVE_ARCH = YES;
				SDKROOT = iphoneos;
				SWIFT_ACTIVE_COMPILATION_CONDITIONS = DEBUG;
				SWIFT_OPTIMIZATION_LEVEL = "-Onone";
			};
			name = Debug;
		};
		8389AEFA211066950066999D /* Release */ = {
			isa = XCBuildConfiguration;
			buildSettings = {
				ALWAYS_SEARCH_USER_PATHS = NO;
				CLANG_ANALYZER_NONNULL = YES;
				CLANG_ANALYZER_NUMBER_OBJECT_CONVERSION = YES_AGGRESSIVE;
				CLANG_CXX_LANGUAGE_STANDARD = "gnu++14";
				CLANG_CXX_LIBRARY = "libc++";
				CLANG_ENABLE_MODULES = YES;
				CLANG_ENABLE_OBJC_ARC = YES;
				CLANG_ENABLE_OBJC_WEAK = YES;
				CLANG_WARN_BLOCK_CAPTURE_AUTORELEASING = YES;
				CLANG_WARN_BOOL_CONVERSION = YES;
				CLANG_WARN_COMMA = YES;
				CLANG_WARN_CONSTANT_CONVERSION = YES;
				CLANG_WARN_DEPRECATED_OBJC_IMPLEMENTATIONS = YES;
				CLANG_WARN_DIRECT_OBJC_ISA_USAGE = YES_ERROR;
				CLANG_WARN_DOCUMENTATION_COMMENTS = YES;
				CLANG_WARN_EMPTY_BODY = YES;
				CLANG_WARN_ENUM_CONVERSION = YES;
				CLANG_WARN_INFINITE_RECURSION = YES;
				CLANG_WARN_INT_CONVERSION = YES;
				CLANG_WARN_NON_LITERAL_NULL_CONVERSION = YES;
				CLANG_WARN_OBJC_IMPLICIT_RETAIN_SELF = YES;
				CLANG_WARN_OBJC_LITERAL_CONVERSION = YES;
				CLANG_WARN_OBJC_ROOT_CLASS = YES_ERROR;
				CLANG_WARN_RANGE_LOOP_ANALYSIS = YES;
				CLANG_WARN_STRICT_PROTOTYPES = YES;
				CLANG_WARN_SUSPICIOUS_MOVE = YES;
				CLANG_WARN_UNGUARDED_AVAILABILITY = YES_AGGRESSIVE;
				CLANG_WARN_UNREACHABLE_CODE = YES;
				CLANG_WARN__DUPLICATE_METHOD_MATCH = YES;
				CODE_SIGN_IDENTITY = "iPhone Developer";
				COPY_PHASE_STRIP = NO;
				DEBUG_INFORMATION_FORMAT = "dwarf-with-dsym";
				ENABLE_NS_ASSERTIONS = NO;
				ENABLE_STRICT_OBJC_MSGSEND = YES;
				GCC_C_LANGUAGE_STANDARD = gnu11;
				GCC_NO_COMMON_BLOCKS = YES;
				GCC_WARN_64_TO_32_BIT_CONVERSION = YES;
				GCC_WARN_ABOUT_RETURN_TYPE = YES_ERROR;
				GCC_WARN_UNDECLARED_SELECTOR = YES;
				GCC_WARN_UNINITIALIZED_AUTOS = YES_AGGRESSIVE;
				GCC_WARN_UNUSED_FUNCTION = YES;
				GCC_WARN_UNUSED_VARIABLE = YES;
				IPHONEOS_DEPLOYMENT_TARGET = 11.4;
				MTL_ENABLE_DEBUG_INFO = NO;
				SDKROOT = iphoneos;
				SWIFT_COMPILATION_MODE = wholemodule;
				SWIFT_OPTIMIZATION_LEVEL = "-O";
				VALIDATE_PRODUCT = YES;
			};
			name = Release;
		};
		8389AEFC211066950066999D /* Debug */ = {
			isa = XCBuildConfiguration;
			buildSettings = {
				ASSETCATALOG_COMPILER_APPICON_NAME = AppIcon;
				CLANG_ENABLE_MODULES = YES;
				CODE_SIGN_STYLE = Automatic;
				DEVELOPMENT_TEAM = 2Q79275L2V;
				ENABLE_BITCODE = NO;
				FRAMEWORK_SEARCH_PATHS = (
					"$(inherited)",
					"$(PROJECT_DIR)/Carthage/Build/iOS",
					"$(PROJECT_DIR)",
					"$(PROJECT_DIR)/ebanjia/Vendor",
					"$(PROJECT_DIR)/ebanjia/Vendor/baidu",
					"$(PROJECT_DIR)/ebanjia/Vendor/share/SDK/ShareSDK/Support/Required",
					"$(PROJECT_DIR)/ebanjia/Vendor/share/SDK/ShareSDK/Support/Optional",
					"$(PROJECT_DIR)/ebanjia/Vendor/share/SDK/ShareSDK/Support/PlatformConnector",
					"$(PROJECT_DIR)/ebanjia/Vendor/share/SDK/ShareSDK",
					"$(PROJECT_DIR)/ebanjia/Vendor/share/SDK/Required",
				);
				GCC_INPUT_FILETYPE = automatic;
				INFOPLIST_FILE = ebanjia/Info.plist;
				LD_RUNPATH_SEARCH_PATHS = (
					"$(inherited)",
					"@executable_path/Frameworks",
				);
				LIBRARY_SEARCH_PATHS = (
					"$(inherited)",
					"$(PROJECT_DIR)/ebanjia/Vendor",
					"$(PROJECT_DIR)/ebanjia/Vendor/baidu",
					"$(PROJECT_DIR)/ebanjia/Vendor/share/SDK/ShareSDK/Support/PlatformSDK/WeChatSDK",
				);
				OTHER_LDFLAGS = "-ObjC";
				PRODUCT_BUNDLE_IDENTIFIER = cn.ebanjia.app;
				PRODUCT_NAME = "$(TARGET_NAME)";
				SWIFT_OBJC_BRIDGING_HEADER = "ebanjia/ebanjia-Bridging-Header.h";
				SWIFT_OPTIMIZATION_LEVEL = "-Onone";
				SWIFT_VERSION = 4.0;
				TARGETED_DEVICE_FAMILY = 1;
			};
			name = Debug;
		};
		8389AEFD211066950066999D /* Release */ = {
			isa = XCBuildConfiguration;
			buildSettings = {
				ASSETCATALOG_COMPILER_APPICON_NAME = AppIcon;
				CLANG_ENABLE_MODULES = YES;
				CODE_SIGN_STYLE = Automatic;
				DEVELOPMENT_TEAM = 2Q79275L2V;
				ENABLE_BITCODE = NO;
				FRAMEWORK_SEARCH_PATHS = (
					"$(inherited)",
					"$(PROJECT_DIR)/Carthage/Build/iOS",
					"$(PROJECT_DIR)",
					"$(PROJECT_DIR)/ebanjia/Vendor",
					"$(PROJECT_DIR)/ebanjia/Vendor/baidu",
					"$(PROJECT_DIR)/ebanjia/Vendor/share/SDK/ShareSDK/Support/Required",
					"$(PROJECT_DIR)/ebanjia/Vendor/share/SDK/ShareSDK/Support/Optional",
					"$(PROJECT_DIR)/ebanjia/Vendor/share/SDK/ShareSDK/Support/PlatformConnector",
					"$(PROJECT_DIR)/ebanjia/Vendor/share/SDK/ShareSDK",
					"$(PROJECT_DIR)/ebanjia/Vendor/share/SDK/Required",
				);
				GCC_INPUT_FILETYPE = automatic;
				INFOPLIST_FILE = ebanjia/Info.plist;
				LD_RUNPATH_SEARCH_PATHS = (
					"$(inherited)",
					"@executable_path/Frameworks",
				);
				LIBRARY_SEARCH_PATHS = (
					"$(inherited)",
					"$(PROJECT_DIR)/ebanjia/Vendor",
					"$(PROJECT_DIR)/ebanjia/Vendor/baidu",
					"$(PROJECT_DIR)/ebanjia/Vendor/share/SDK/ShareSDK/Support/PlatformSDK/WeChatSDK",
				);
				OTHER_LDFLAGS = "-ObjC";
				PRODUCT_BUNDLE_IDENTIFIER = cn.ebanjia.app;
				PRODUCT_NAME = "$(TARGET_NAME)";
				SWIFT_OBJC_BRIDGING_HEADER = "ebanjia/ebanjia-Bridging-Header.h";
				SWIFT_VERSION = 4.0;
				TARGETED_DEVICE_FAMILY = 1;
			};
			name = Release;
		};
/* End XCBuildConfiguration section */

/* Begin XCConfigurationList section */
		8389AEE4211066940066999D /* Build configuration list for PBXProject "ebanjia" */ = {
			isa = XCConfigurationList;
			buildConfigurations = (
				8389AEF9211066950066999D /* Debug */,
				8389AEFA211066950066999D /* Release */,
			);
			defaultConfigurationIsVisible = 0;
			defaultConfigurationName = Release;
		};
		8389AEFB211066950066999D /* Build configuration list for PBXNativeTarget "ebanjia" */ = {
			isa = XCConfigurationList;
			buildConfigurations = (
				8389AEFC211066950066999D /* Debug */,
				8389AEFD211066950066999D /* Release */,
			);
			defaultConfigurationIsVisible = 0;
			defaultConfigurationName = Release;
		};
/* End XCConfigurationList section */
	};
	rootObject = 8389AEE1211066940066999D /* Project object */;
}
